// !$*UTF8*$!
{
	archiveVersion = 1;
	classes = {
	};
	objectVersion = 56;
	objects = {

/* Begin PBXBuildFile section */
		89178BF62A026B000046C907 /* ContentView.swift in Sources */ = {isa = PBXBuildFile; fileRef = 89178BF52A026B000046C907 /* ContentView.swift */; };
		89178BF82A026B020046C907 /* Assets.xcassets in Resources */ = {isa = PBXBuildFile; fileRef = 89178BF72A026B020046C907 /* Assets.xcassets */; };
		89178BFB2A026B020046C907 /* Preview Assets.xcassets in Resources */ = {isa = PBXBuildFile; fileRef = 89178BFA2A026B020046C907 /* Preview Assets.xcassets */; };
		935FFBB72A067848007B0E70 /* SwiftUIView.swift in Sources */ = {isa = PBXBuildFile; fileRef = 935FFBB62A067848007B0E70 /* SwiftUIView.swift */; };
		935FFBBB2A0678E0007B0E70 /* GoogleService-Info.plist in Resources */ = {isa = PBXBuildFile; fileRef = 935FFBBA2A0678E0007B0E70 /* GoogleService-Info.plist */; };
		935FFBBE2A067A01007B0E70 /* FirebaseAnalytics in Frameworks */ = {isa = PBXBuildFile; productRef = 935FFBBD2A067A01007B0E70 /* FirebaseAnalytics */; };
		935FFBC02A067A01007B0E70 /* FirebaseAnalyticsOnDeviceConversion in Frameworks */ = {isa = PBXBuildFile; productRef = 935FFBBF2A067A01007B0E70 /* FirebaseAnalyticsOnDeviceConversion */; };
		935FFBC22A067A01007B0E70 /* FirebaseAnalyticsSwift in Frameworks */ = {isa = PBXBuildFile; productRef = 935FFBC12A067A01007B0E70 /* FirebaseAnalyticsSwift */; };
		935FFBC42A067A01007B0E70 /* FirebaseAnalyticsWithoutAdIdSupport in Frameworks */ = {isa = PBXBuildFile; productRef = 935FFBC32A067A01007B0E70 /* FirebaseAnalyticsWithoutAdIdSupport */; };
		935FFBC62A067A01007B0E70 /* FirebaseAppCheck in Frameworks */ = {isa = PBXBuildFile; productRef = 935FFBC52A067A01007B0E70 /* FirebaseAppCheck */; };
		935FFBC82A067A01007B0E70 /* FirebaseAppDistribution-Beta in Frameworks */ = {isa = PBXBuildFile; productRef = 935FFBC72A067A01007B0E70 /* FirebaseAppDistribution-Beta */; };
		935FFBCA2A067A01007B0E70 /* FirebaseAuth in Frameworks */ = {isa = PBXBuildFile; productRef = 935FFBC92A067A01007B0E70 /* FirebaseAuth */; };
		935FFBCC2A067A01007B0E70 /* FirebaseAuthCombine-Community in Frameworks */ = {isa = PBXBuildFile; productRef = 935FFBCB2A067A01007B0E70 /* FirebaseAuthCombine-Community */; };
		935FFBCE2A067A01007B0E70 /* FirebaseCrashlytics in Frameworks */ = {isa = PBXBuildFile; productRef = 935FFBCD2A067A01007B0E70 /* FirebaseCrashlytics */; };
		935FFBD02A067A01007B0E70 /* FirebaseDatabase in Frameworks */ = {isa = PBXBuildFile; productRef = 935FFBCF2A067A01007B0E70 /* FirebaseDatabase */; };
		935FFBD22A067A01007B0E70 /* FirebaseDatabaseSwift in Frameworks */ = {isa = PBXBuildFile; productRef = 935FFBD12A067A01007B0E70 /* FirebaseDatabaseSwift */; };
		935FFBD42A067A01007B0E70 /* FirebaseDynamicLinks in Frameworks */ = {isa = PBXBuildFile; productRef = 935FFBD32A067A01007B0E70 /* FirebaseDynamicLinks */; };
		935FFBD62A067A01007B0E70 /* FirebaseFirestore in Frameworks */ = {isa = PBXBuildFile; productRef = 935FFBD52A067A01007B0E70 /* FirebaseFirestore */; };
		935FFBD82A067A01007B0E70 /* FirebaseFirestoreCombine-Community in Frameworks */ = {isa = PBXBuildFile; productRef = 935FFBD72A067A01007B0E70 /* FirebaseFirestoreCombine-Community */; };
		935FFBDA2A067A01007B0E70 /* FirebaseFirestoreSwift in Frameworks */ = {isa = PBXBuildFile; productRef = 935FFBD92A067A01007B0E70 /* FirebaseFirestoreSwift */; };
		935FFBDC2A067A01007B0E70 /* FirebaseFunctions in Frameworks */ = {isa = PBXBuildFile; productRef = 935FFBDB2A067A01007B0E70 /* FirebaseFunctions */; };
		935FFBDE2A067A01007B0E70 /* FirebaseFunctionsCombine-Community in Frameworks */ = {isa = PBXBuildFile; productRef = 935FFBDD2A067A01007B0E70 /* FirebaseFunctionsCombine-Community */; };
		935FFBE02A067A01007B0E70 /* FirebaseInAppMessaging-Beta in Frameworks */ = {isa = PBXBuildFile; productRef = 935FFBDF2A067A01007B0E70 /* FirebaseInAppMessaging-Beta */; };
		935FFBE22A067A01007B0E70 /* FirebaseInAppMessagingSwift-Beta in Frameworks */ = {isa = PBXBuildFile; productRef = 935FFBE12A067A01007B0E70 /* FirebaseInAppMessagingSwift-Beta */; };
		935FFBE42A067A01007B0E70 /* FirebaseInstallations in Frameworks */ = {isa = PBXBuildFile; productRef = 935FFBE32A067A01007B0E70 /* FirebaseInstallations */; };
		935FFBE62A067A01007B0E70 /* FirebaseMLModelDownloader in Frameworks */ = {isa = PBXBuildFile; productRef = 935FFBE52A067A01007B0E70 /* FirebaseMLModelDownloader */; };
		935FFBE82A067A01007B0E70 /* FirebaseMessaging in Frameworks */ = {isa = PBXBuildFile; productRef = 935FFBE72A067A01007B0E70 /* FirebaseMessaging */; };
		935FFBEA2A067A01007B0E70 /* FirebasePerformance in Frameworks */ = {isa = PBXBuildFile; productRef = 935FFBE92A067A01007B0E70 /* FirebasePerformance */; };
		935FFBEC2A067A01007B0E70 /* FirebaseRemoteConfig in Frameworks */ = {isa = PBXBuildFile; productRef = 935FFBEB2A067A01007B0E70 /* FirebaseRemoteConfig */; };
		935FFBEE2A067A01007B0E70 /* FirebaseRemoteConfigSwift in Frameworks */ = {isa = PBXBuildFile; productRef = 935FFBED2A067A01007B0E70 /* FirebaseRemoteConfigSwift */; };
		935FFBF02A067A01007B0E70 /* FirebaseStorage in Frameworks */ = {isa = PBXBuildFile; productRef = 935FFBEF2A067A01007B0E70 /* FirebaseStorage */; };
		935FFBF22A067A01007B0E70 /* FirebaseStorageCombine-Community in Frameworks */ = {isa = PBXBuildFile; productRef = 935FFBF12A067A01007B0E70 /* FirebaseStorageCombine-Community */; };
		935FFBF72A067C94007B0E70 /* Family_health_careApp.swift in Sources */ = {isa = PBXBuildFile; fileRef = 935FFBF62A067C94007B0E70 /* Family_health_careApp.swift */; };
		935FFBF92A0681EC007B0E70 /* Home.swift in Sources */ = {isa = PBXBuildFile; fileRef = 935FFBF82A0681EC007B0E70 /* Home.swift */; };
/* End PBXBuildFile section */

/* Begin PBXFileReference section */
		89178BF02A026B000046C907 /* Family-health-care.app */ = {isa = PBXFileReference; explicitFileType = wrapper.application; includeInIndex = 0; path = "Family-health-care.app"; sourceTree = BUILT_PRODUCTS_DIR; };
		89178BF52A026B000046C907 /* ContentView.swift */ = {isa = PBXFileReference; lastKnownFileType = sourcecode.swift; path = ContentView.swift; sourceTree = "<group>"; };
		89178BF72A026B020046C907 /* Assets.xcassets */ = {isa = PBXFileReference; lastKnownFileType = folder.assetcatalog; path = Assets.xcassets; sourceTree = "<group>"; };
		89178BFA2A026B020046C907 /* Preview Assets.xcassets */ = {isa = PBXFileReference; lastKnownFileType = folder.assetcatalog; path = "Preview Assets.xcassets"; sourceTree = "<group>"; };
		935FFBB62A067848007B0E70 /* SwiftUIView.swift */ = {isa = PBXFileReference; lastKnownFileType = sourcecode.swift; path = SwiftUIView.swift; sourceTree = "<group>"; };
		935FFBBA2A0678E0007B0E70 /* GoogleService-Info.plist */ = {isa = PBXFileReference; fileEncoding = 4; lastKnownFileType = text.plist.xml; name = "GoogleService-Info.plist"; path = "../../../../../../Desktop/GoogleService-Info.plist"; sourceTree = "<group>"; };
		935FFBF62A067C94007B0E70 /* Family_health_careApp.swift */ = {isa = PBXFileReference; lastKnownFileType = sourcecode.swift; name = Family_health_careApp.swift; path = ../../../../../Family_health_careApp.swift; sourceTree = "<group>"; };
		935FFBF82A0681EC007B0E70 /* Home.swift */ = {isa = PBXFileReference; lastKnownFileType = sourcecode.swift; name = Home.swift; path = ../../../../../../Home.swift; sourceTree = "<group>"; };
/* End PBXFileReference section */

/* Begin PBXFrameworksBuildPhase section */
		89178BED2A026B000046C907 /* Frameworks */ = {
			isa = PBXFrameworksBuildPhase;
			buildActionMask = 2147483647;
			files = (
				935FFBD02A067A01007B0E70 /* FirebaseDatabase in Frameworks */,
				935FFBDE2A067A01007B0E70 /* FirebaseFunctionsCombine-Community in Frameworks */,
				935FFBD62A067A01007B0E70 /* FirebaseFirestore in Frameworks */,
				935FFBC22A067A01007B0E70 /* FirebaseAnalyticsSwift in Frameworks */,
				935FFBBE2A067A01007B0E70 /* FirebaseAnalytics in Frameworks */,
				935FFBC02A067A01007B0E70 /* FirebaseAnalyticsOnDeviceConversion in Frameworks */,
				935FFBE62A067A01007B0E70 /* FirebaseMLModelDownloader in Frameworks */,
				935FFBDA2A067A01007B0E70 /* FirebaseFirestoreSwift in Frameworks */,
				935FFBC62A067A01007B0E70 /* FirebaseAppCheck in Frameworks */,
				935FFBC42A067A01007B0E70 /* FirebaseAnalyticsWithoutAdIdSupport in Frameworks */,
				935FFBCA2A067A01007B0E70 /* FirebaseAuth in Frameworks */,
				935FFBCE2A067A01007B0E70 /* FirebaseCrashlytics in Frameworks */,
				935FFBEE2A067A01007B0E70 /* FirebaseRemoteConfigSwift in Frameworks */,
				935FFBE02A067A01007B0E70 /* FirebaseInAppMessaging-Beta in Frameworks */,
				935FFBD22A067A01007B0E70 /* FirebaseDatabaseSwift in Frameworks */,
				935FFBDC2A067A01007B0E70 /* FirebaseFunctions in Frameworks */,
				935FFBF22A067A01007B0E70 /* FirebaseStorageCombine-Community in Frameworks */,
				935FFBEC2A067A01007B0E70 /* FirebaseRemoteConfig in Frameworks */,
				935FFBC82A067A01007B0E70 /* FirebaseAppDistribution-Beta in Frameworks */,
				935FFBCC2A067A01007B0E70 /* FirebaseAuthCombine-Community in Frameworks */,
				935FFBEA2A067A01007B0E70 /* FirebasePerformance in Frameworks */,
				935FFBE22A067A01007B0E70 /* FirebaseInAppMessagingSwift-Beta in Frameworks */,
				935FFBF02A067A01007B0E70 /* FirebaseStorage in Frameworks */,
				935FFBD42A067A01007B0E70 /* FirebaseDynamicLinks in Frameworks */,
				935FFBD82A067A01007B0E70 /* FirebaseFirestoreCombine-Community in Frameworks */,
				935FFBE82A067A01007B0E70 /* FirebaseMessaging in Frameworks */,
				935FFBE42A067A01007B0E70 /* FirebaseInstallations in Frameworks */,
			);
			runOnlyForDeploymentPostprocessing = 0;
		};
/* End PBXFrameworksBuildPhase section */

/* Begin PBXGroup section */
		89178BE72A026B000046C907 = {
			isa = PBXGroup;
			children = (
				89178BF22A026B000046C907 /* Family-health-care */,
				89178BF12A026B000046C907 /* Products */,
			);
			sourceTree = "<group>";
		};
		89178BF12A026B000046C907 /* Products */ = {
			isa = PBXGroup;
			children = (
				89178BF02A026B000046C907 /* Family-health-care.app */,
			);
			name = Products;
			sourceTree = "<group>";
		};
		89178BF22A026B000046C907 /* Family-health-care */ = {
			isa = PBXGroup;
			children = (
				935FFBF52A067C67007B0E70 /* Application */,
				935FFBF32A067BBE007B0E70 /* User Interface */,
				935FFBB82A067889007B0E70 /* Resources */,
				935FFBB42A067830007B0E70 /* Helper */,
				89178BF72A026B020046C907 /* Assets.xcassets */,
				89178BF92A026B020046C907 /* Preview Content */,
			);
			path = "Family-health-care";
			sourceTree = "<group>";
		};
		89178BF92A026B020046C907 /* Preview Content */ = {
			isa = PBXGroup;
			children = (
				89178BFA2A026B020046C907 /* Preview Assets.xcassets */,
			);
			path = "Preview Content";
			sourceTree = "<group>";
		};
		935FFBB42A067830007B0E70 /* Helper */ = {
			isa = PBXGroup;
			children = (
				935FFBB52A067835007B0E70 /* Extension */,
			);
			path = Helper;
			sourceTree = "<group>";
		};
		935FFBB52A067835007B0E70 /* Extension */ = {
			isa = PBXGroup;
			children = (
				935FFBB62A067848007B0E70 /* SwiftUIView.swift */,
			);
			path = Extension;
			sourceTree = "<group>";
		};
		935FFBB82A067889007B0E70 /* Resources */ = {
			isa = PBXGroup;
			children = (
				935FFBB92A06789D007B0E70 /* Firebase */,
			);
			path = Resources;
			sourceTree = "<group>";
		};
		935FFBB92A06789D007B0E70 /* Firebase */ = {
			isa = PBXGroup;
			children = (
				935FFBBA2A0678E0007B0E70 /* GoogleService-Info.plist */,
			);
			path = Firebase;
			sourceTree = "<group>";
		};
		935FFBF32A067BBE007B0E70 /* User Interface */ = {
			isa = PBXGroup;
			children = (
				935FFBF42A067BD1007B0E70 /* Home */,
			);
			path = "User Interface";
			sourceTree = "<group>";
		};
		935FFBF42A067BD1007B0E70 /* Home */ = {
			isa = PBXGroup;
			children = (
				89178BF52A026B000046C907 /* ContentView.swift */,
				935FFBF82A0681EC007B0E70 /* Home.swift */,
			);
			path = Home;
			sourceTree = "<group>";
		};
		935FFBF52A067C67007B0E70 /* Application */ = {
			isa = PBXGroup;
			children = (
				935FFBF62A067C94007B0E70 /* Family_health_careApp.swift */,
			);
			path = Application;
			sourceTree = "<group>";
		};
/* End PBXGroup section */

/* Begin PBXNativeTarget section */
		89178BEF2A026B000046C907 /* Family-health-care */ = {
			isa = PBXNativeTarget;
			buildConfigurationList = 89178BFE2A026B020046C907 /* Build configuration list for PBXNativeTarget "Family-health-care" */;
			buildPhases = (
				89178BEC2A026B000046C907 /* Sources */,
				89178BED2A026B000046C907 /* Frameworks */,
				89178BEE2A026B000046C907 /* Resources */,
			);
			buildRules = (
			);
			dependencies = (
			);
			name = "Family-health-care";
			packageProductDependencies = (
				935FFBBD2A067A01007B0E70 /* FirebaseAnalytics */,
				935FFBBF2A067A01007B0E70 /* FirebaseAnalyticsOnDeviceConversion */,
				935FFBC12A067A01007B0E70 /* FirebaseAnalyticsSwift */,
				935FFBC32A067A01007B0E70 /* FirebaseAnalyticsWithoutAdIdSupport */,
				935FFBC52A067A01007B0E70 /* FirebaseAppCheck */,
				935FFBC72A067A01007B0E70 /* FirebaseAppDistribution-Beta */,
				935FFBC92A067A01007B0E70 /* FirebaseAuth */,
				935FFBCB2A067A01007B0E70 /* FirebaseAuthCombine-Community */,
				935FFBCD2A067A01007B0E70 /* FirebaseCrashlytics */,
				935FFBCF2A067A01007B0E70 /* FirebaseDatabase */,
				935FFBD12A067A01007B0E70 /* FirebaseDatabaseSwift */,
				935FFBD32A067A01007B0E70 /* FirebaseDynamicLinks */,
				935FFBD52A067A01007B0E70 /* FirebaseFirestore */,
				935FFBD72A067A01007B0E70 /* FirebaseFirestoreCombine-Community */,
				935FFBD92A067A01007B0E70 /* FirebaseFirestoreSwift */,
				935FFBDB2A067A01007B0E70 /* FirebaseFunctions */,
				935FFBDD2A067A01007B0E70 /* FirebaseFunctionsCombine-Community */,
				935FFBDF2A067A01007B0E70 /* FirebaseInAppMessaging-Beta */,
				935FFBE12A067A01007B0E70 /* FirebaseInAppMessagingSwift-Beta */,
				935FFBE32A067A01007B0E70 /* FirebaseInstallations */,
				935FFBE52A067A01007B0E70 /* FirebaseMLModelDownloader */,
				935FFBE72A067A01007B0E70 /* FirebaseMessaging */,
				935FFBE92A067A01007B0E70 /* FirebasePerformance */,
				935FFBEB2A067A01007B0E70 /* FirebaseRemoteConfig */,
				935FFBED2A067A01007B0E70 /* FirebaseRemoteConfigSwift */,
				935FFBEF2A067A01007B0E70 /* FirebaseStorage */,
				935FFBF12A067A01007B0E70 /* FirebaseStorageCombine-Community */,
			);
			productName = "Family-health-care";
			productReference = 89178BF02A026B000046C907 /* Family-health-care.app */;
			productType = "com.apple.product-type.application";
		};
/* End PBXNativeTarget section */

/* Begin PBXProject section */
		89178BE82A026B000046C907 /* Project object */ = {
			isa = PBXProject;
			attributes = {
				BuildIndependentTargetsInParallel = 1;
				LastSwiftUpdateCheck = 1430;
				LastUpgradeCheck = 1430;
				TargetAttributes = {
					89178BEF2A026B000046C907 = {
						CreatedOnToolsVersion = 14.3;
					};
				};
			};
			buildConfigurationList = 89178BEB2A026B000046C907 /* Build configuration list for PBXProject "Family-health-care" */;
			compatibilityVersion = "Xcode 14.0";
			developmentRegion = en;
			hasScannedForEncodings = 0;
			knownRegions = (
				en,
				Base,
			);
			mainGroup = 89178BE72A026B000046C907;
			packageReferences = (
				935FFBBC2A067A01007B0E70 /* XCRemoteSwiftPackageReference "firebase-ios-sdk" */,
			);
			productRefGroup = 89178BF12A026B000046C907 /* Products */;
			projectDirPath = "";
			projectRoot = "";
			targets = (
				89178BEF2A026B000046C907 /* Family-health-care */,
			);
		};
/* End PBXProject section */

/* Begin PBXResourcesBuildPhase section */
		89178BEE2A026B000046C907 /* Resources */ = {
			isa = PBXResourcesBuildPhase;
			buildActionMask = 2147483647;
			files = (
				89178BFB2A026B020046C907 /* Preview Assets.xcassets in Resources */,
				89178BF82A026B020046C907 /* Assets.xcassets in Resources */,
				935FFBBB2A0678E0007B0E70 /* GoogleService-Info.plist in Resources */,
			);
			runOnlyForDeploymentPostprocessing = 0;
		};
/* End PBXResourcesBuildPhase section */

/* Begin PBXSourcesBuildPhase section */
		89178BEC2A026B000046C907 /* Sources */ = {
			isa = PBXSourcesBuildPhase;
			buildActionMask = 2147483647;
			files = (
				935FFBF72A067C94007B0E70 /* Family_health_careApp.swift in Sources */,
				89178BF62A026B000046C907 /* ContentView.swift in Sources */,
				935FFBF92A0681EC007B0E70 /* Home.swift in Sources */,
				935FFBB72A067848007B0E70 /* SwiftUIView.swift in Sources */,
			);
			runOnlyForDeploymentPostprocessing = 0;
		};
/* End PBXSourcesBuildPhase section */

/* Begin XCBuildConfiguration section */
		89178BFC2A026B020046C907 /* Debug */ = {
			isa = XCBuildConfiguration;
			buildSettings = {
				ALWAYS_SEARCH_USER_PATHS = NO;
				CLANG_ANALYZER_NONNULL = YES;
				CLANG_ANALYZER_NUMBER_OBJECT_CONVERSION = YES_AGGRESSIVE;
				CLANG_CXX_LANGUAGE_STANDARD = "gnu++20";
				CLANG_ENABLE_MODULES = YES;
				CLANG_ENABLE_OBJC_ARC = YES;
				CLANG_ENABLE_OBJC_WEAK = YES;
				CLANG_WARN_BLOCK_CAPTURE_AUTORELEASING = YES;
				CLANG_WARN_BOOL_CONVERSION = YES;
				CLANG_WARN_COMMA = YES;
				CLANG_WARN_CONSTANT_CONVERSION = YES;
				CLANG_WARN_DEPRECATED_OBJC_IMPLEMENTATIONS = YES;
				CLANG_WARN_DIRECT_OBJC_ISA_USAGE = YES_ERROR;
				CLANG_WARN_DOCUMENTATION_COMMENTS = YES;
				CLANG_WARN_EMPTY_BODY = YES;
				CLANG_WARN_ENUM_CONVERSION = YES;
				CLANG_WARN_INFINITE_RECURSION = YES;
				CLANG_WARN_INT_CONVERSION = YES;
				CLANG_WARN_NON_LITERAL_NULL_CONVERSION = YES;
				CLANG_WARN_OBJC_IMPLICIT_RETAIN_SELF = YES;
				CLANG_WARN_OBJC_LITERAL_CONVERSION = YES;
				CLANG_WARN_OBJC_ROOT_CLASS = YES_ERROR;
				CLANG_WARN_QUOTED_INCLUDE_IN_FRAMEWORK_HEADER = YES;
				CLANG_WARN_RANGE_LOOP_ANALYSIS = YES;
				CLANG_WARN_STRICT_PROTOTYPES = YES;
				CLANG_WARN_SUSPICIOUS_MOVE = YES;
				CLANG_WARN_UNGUARDED_AVAILABILITY = YES_AGGRESSIVE;
				CLANG_WARN_UNREACHABLE_CODE = YES;
				CLANG_WARN__DUPLICATE_METHOD_MATCH = YES;
				COPY_PHASE_STRIP = NO;
				DEBUG_INFORMATION_FORMAT = dwarf;
				ENABLE_STRICT_OBJC_MSGSEND = YES;
				ENABLE_TESTABILITY = YES;
				GCC_C_LANGUAGE_STANDARD = gnu11;
				GCC_DYNAMIC_NO_PIC = NO;
				GCC_NO_COMMON_BLOCKS = YES;
				GCC_OPTIMIZATION_LEVEL = 0;
				GCC_PREPROCESSOR_DEFINITIONS = (
					"DEBUG=1",
					"$(inherited)",
				);
				GCC_WARN_64_TO_32_BIT_CONVERSION = YES;
				GCC_WARN_ABOUT_RETURN_TYPE = YES_ERROR;
				GCC_WARN_UNDECLARED_SELECTOR = YES;
				GCC_WARN_UNINITIALIZED_AUTOS = YES_AGGRESSIVE;
				GCC_WARN_UNUSED_FUNCTION = YES;
				GCC_WARN_UNUSED_VARIABLE = YES;
				IPHONEOS_DEPLOYMENT_TARGET = 16.4;
				MTL_ENABLE_DEBUG_INFO = INCLUDE_SOURCE;
				MTL_FAST_MATH = YES;
				ONLY_ACTIVE_ARCH = YES;
				SDKROOT = iphoneos;
				SWIFT_ACTIVE_COMPILATION_CONDITIONS = DEBUG;
				SWIFT_OPTIMIZATION_LEVEL = "-Onone";
			};
			name = Debug;
		};
		89178BFD2A026B020046C907 /* Release */ = {
			isa = XCBuildConfiguration;
			buildSettings = {
				ALWAYS_SEARCH_USER_PATHS = NO;
				CLANG_ANALYZER_NONNULL = YES;
				CLANG_ANALYZER_NUMBER_OBJECT_CONVERSION = YES_AGGRESSIVE;
				CLANG_CXX_LANGUAGE_STANDARD = "gnu++20";
				CLANG_ENABLE_MODULES = YES;
				CLANG_ENABLE_OBJC_ARC = YES;
				CLANG_ENABLE_OBJC_WEAK = YES;
				CLANG_WARN_BLOCK_CAPTURE_AUTORELEASING = YES;
				CLANG_WARN_BOOL_CONVERSION = YES;
				CLANG_WARN_COMMA = YES;
				CLANG_WARN_CONSTANT_CONVERSION = YES;
				CLANG_WARN_DEPRECATED_OBJC_IMPLEMENTATIONS = YES;
				CLANG_WARN_DIRECT_OBJC_ISA_USAGE = YES_ERROR;
				CLANG_WARN_DOCUMENTATION_COMMENTS = YES;
				CLANG_WARN_EMPTY_BODY = YES;
				CLANG_WARN_ENUM_CONVERSION = YES;
				CLANG_WARN_INFINITE_RECURSION = YES;
				CLANG_WARN_INT_CONVERSION = YES;
				CLANG_WARN_NON_LITERAL_NULL_CONVERSION = YES;
				CLANG_WARN_OBJC_IMPLICIT_RETAIN_SELF = YES;
				CLANG_WARN_OBJC_LITERAL_CONVERSION = YES;
				CLANG_WARN_OBJC_ROOT_CLASS = YES_ERROR;
				CLANG_WARN_QUOTED_INCLUDE_IN_FRAMEWORK_HEADER = YES;
				CLANG_WARN_RANGE_LOOP_ANALYSIS = YES;
				CLANG_WARN_STRICT_PROTOTYPES = YES;
				CLANG_WARN_SUSPICIOUS_MOVE = YES;
				CLANG_WARN_UNGUARDED_AVAILABILITY = YES_AGGRESSIVE;
				CLANG_WARN_UNREACHABLE_CODE = YES;
				CLANG_WARN__DUPLICATE_METHOD_MATCH = YES;
				COPY_PHASE_STRIP = NO;
				DEBUG_INFORMATION_FORMAT = "dwarf-with-dsym";
				ENABLE_NS_ASSERTIONS = NO;
				ENABLE_STRICT_OBJC_MSGSEND = YES;
				GCC_C_LANGUAGE_STANDARD = gnu11;
				GCC_NO_COMMON_BLOCKS = YES;
				GCC_WARN_64_TO_32_BIT_CONVERSION = YES;
				GCC_WARN_ABOUT_RETURN_TYPE = YES_ERROR;
				GCC_WARN_UNDECLARED_SELECTOR = YES;
				GCC_WARN_UNINITIALIZED_AUTOS = YES_AGGRESSIVE;
				GCC_WARN_UNUSED_FUNCTION = YES;
				GCC_WARN_UNUSED_VARIABLE = YES;
				IPHONEOS_DEPLOYMENT_TARGET = 16.4;
				MTL_ENABLE_DEBUG_INFO = NO;
				MTL_FAST_MATH = YES;
				SDKROOT = iphoneos;
				SWIFT_COMPILATION_MODE = wholemodule;
				SWIFT_OPTIMIZATION_LEVEL = "-O";
				VALIDATE_PRODUCT = YES;
			};
			name = Release;
		};
		89178BFF2A026B020046C907 /* Debug */ = {
			isa = XCBuildConfiguration;
			buildSettings = {
				ASSETCATALOG_COMPILER_APPICON_NAME = AppIcon;
				ASSETCATALOG_COMPILER_GLOBAL_ACCENT_COLOR_NAME = AccentColor;
				CODE_SIGN_STYLE = Automatic;
				CURRENT_PROJECT_VERSION = 1;
				DEVELOPMENT_ASSET_PATHS = "\"Family-health-care/Preview Content\"";
				ENABLE_PREVIEWS = YES;
				GENERATE_INFOPLIST_FILE = YES;
				INFOPLIST_KEY_UIApplicationSceneManifest_Generation = YES;
				INFOPLIST_KEY_UIApplicationSupportsIndirectInputEvents = YES;
				INFOPLIST_KEY_UILaunchScreen_Generation = YES;
				INFOPLIST_KEY_UISupportedInterfaceOrientations_iPad = "UIInterfaceOrientationPortrait UIInterfaceOrientationPortraitUpsideDown UIInterfaceOrientationLandscapeLeft UIInterfaceOrientationLandscapeRight";
				INFOPLIST_KEY_UISupportedInterfaceOrientations_iPhone = "UIInterfaceOrientationPortrait UIInterfaceOrientationLandscapeLeft UIInterfaceOrientationLandscapeRight";
				LD_RUNPATH_SEARCH_PATHS = (
					"$(inherited)",
					"@executable_path/Frameworks",
				);
				MARKETING_VERSION = 1.0;
				PRODUCT_BUNDLE_IDENTIFIER = "kr.ac.knu.comp420.2019112601.Family-health-care";
				PRODUCT_NAME = "$(TARGET_NAME)";
				SWIFT_EMIT_LOC_STRINGS = YES;
				SWIFT_VERSION = 5.0;
				TARGETED_DEVICE_FAMILY = "1,2";
			};
			name = Debug;
		};
		89178C002A026B020046C907 /* Release */ = {
			isa = XCBuildConfiguration;
			buildSettings = {
				ASSETCATALOG_COMPILER_APPICON_NAME = AppIcon;
				ASSETCATALOG_COMPILER_GLOBAL_ACCENT_COLOR_NAME = AccentColor;
				CODE_SIGN_STYLE = Automatic;
				CURRENT_PROJECT_VERSION = 1;
				DEVELOPMENT_ASSET_PATHS = "\"Family-health-care/Preview Content\"";
				ENABLE_PREVIEWS = YES;
				GENERATE_INFOPLIST_FILE = YES;
				INFOPLIST_KEY_UIApplicationSceneManifest_Generation = YES;
				INFOPLIST_KEY_UIApplicationSupportsIndirectInputEvents = YES;
				INFOPLIST_KEY_UILaunchScreen_Generation = YES;
				INFOPLIST_KEY_UISupportedInterfaceOrientations_iPad = "UIInterfaceOrientationPortrait UIInterfaceOrientationPortraitUpsideDown UIInterfaceOrientationLandscapeLeft UIInterfaceOrientationLandscapeRight";
				INFOPLIST_KEY_UISupportedInterfaceOrientations_iPhone = "UIInterfaceOrientationPortrait UIInterfaceOrientationLandscapeLeft UIInterfaceOrientationLandscapeRight";
				LD_RUNPATH_SEARCH_PATHS = (
					"$(inherited)",
					"@executable_path/Frameworks",
				);
				MARKETING_VERSION = 1.0;
				PRODUCT_BUNDLE_IDENTIFIER = "kr.ac.knu.comp420.2019112601.Family-health-care";
				PRODUCT_NAME = "$(TARGET_NAME)";
				SWIFT_EMIT_LOC_STRINGS = YES;
				SWIFT_VERSION = 5.0;
				TARGETED_DEVICE_FAMILY = "1,2";
			};
			name = Release;
		};
/* End XCBuildConfiguration section */

/* Begin XCConfigurationList section */
		89178BEB2A026B000046C907 /* Build configuration list for PBXProject "Family-health-care" */ = {
			isa = XCConfigurationList;
			buildConfigurations = (
				89178BFC2A026B020046C907 /* Debug */,
				89178BFD2A026B020046C907 /* Release */,
			);
			defaultConfigurationIsVisible = 0;
			defaultConfigurationName = Release;
		};
		89178BFE2A026B020046C907 /* Build configuration list for PBXNativeTarget "Family-health-care" */ = {
			isa = XCConfigurationList;
			buildConfigurations = (
				89178BFF2A026B020046C907 /* Debug */,
				89178C002A026B020046C907 /* Release */,
			);
			defaultConfigurationIsVisible = 0;
			defaultConfigurationName = Release;
		};
/* End XCConfigurationList section */

/* Begin XCRemoteSwiftPackageReference section */
		935FFBBC2A067A01007B0E70 /* XCRemoteSwiftPackageReference "firebase-ios-sdk" */ = {
			isa = XCRemoteSwiftPackageReference;
			repositoryURL = "https://github.com/firebase/firebase-ios-sdk";
			requirement = {
				kind = upToNextMajorVersion;
				minimumVersion = 10.0.0;
			};
		};
/* End XCRemoteSwiftPackageReference section */

/* Begin XCSwiftPackageProductDependency section */
		935FFBBD2A067A01007B0E70 /* FirebaseAnalytics */ = {
			isa = XCSwiftPackageProductDependency;
			package = 935FFBBC2A067A01007B0E70 /* XCRemoteSwiftPackageReference "firebase-ios-sdk" */;
			productName = FirebaseAnalytics;
		};
		935FFBBF2A067A01007B0E70 /* FirebaseAnalyticsOnDeviceConversion */ = {
			isa = XCSwiftPackageProductDependency;
			package = 935FFBBC2A067A01007B0E70 /* XCRemoteSwiftPackageReference "firebase-ios-sdk" */;
			productName = FirebaseAnalyticsOnDeviceConversion;
		};
		935FFBC12A067A01007B0E70 /* FirebaseAnalyticsSwift */ = {
			isa = XCSwiftPackageProductDependency;
			package = 935FFBBC2A067A01007B0E70 /* XCRemoteSwiftPackageReference "firebase-ios-sdk" */;
			productName = FirebaseAnalyticsSwift;
		};
		935FFBC32A067A01007B0E70 /* FirebaseAnalyticsWithoutAdIdSupport */ = {
			isa = XCSwiftPackageProductDependency;
			package = 935FFBBC2A067A01007B0E70 /* XCRemoteSwiftPackageReference "firebase-ios-sdk" */;
			productName = FirebaseAnalyticsWithoutAdIdSupport;
		};
		935FFBC52A067A01007B0E70 /* FirebaseAppCheck */ = {
			isa = XCSwiftPackageProductDependency;
			package = 935FFBBC2A067A01007B0E70 /* XCRemoteSwiftPackageReference "firebase-ios-sdk" */;
			productName = FirebaseAppCheck;
		};
		935FFBC72A067A01007B0E70 /* FirebaseAppDistribution-Beta */ = {
			isa = XCSwiftPackageProductDependency;
			package = 935FFBBC2A067A01007B0E70 /* XCRemoteSwiftPackageReference "firebase-ios-sdk" */;
			productName = "FirebaseAppDistribution-Beta";
		};
		935FFBC92A067A01007B0E70 /* FirebaseAuth */ = {
			isa = XCSwiftPackageProductDependency;
			package = 935FFBBC2A067A01007B0E70 /* XCRemoteSwiftPackageReference "firebase-ios-sdk" */;
			productName = FirebaseAuth;
		};
		935FFBCB2A067A01007B0E70 /* FirebaseAuthCombine-Community */ = {
			isa = XCSwiftPackageProductDependency;
			package = 935FFBBC2A067A01007B0E70 /* XCRemoteSwiftPackageReference "firebase-ios-sdk" */;
			productName = "FirebaseAuthCombine-Community";
		};
		935FFBCD2A067A01007B0E70 /* FirebaseCrashlytics */ = {
			isa = XCSwiftPackageProductDependency;
			package = 935FFBBC2A067A01007B0E70 /* XCRemoteSwiftPackageReference "firebase-ios-sdk" */;
			productName = FirebaseCrashlytics;
		};
		935FFBCF2A067A01007B0E70 /* FirebaseDatabase */ = {
			isa = XCSwiftPackageProductDependency;
			package = 935FFBBC2A067A01007B0E70 /* XCRemoteSwiftPackageReference "firebase-ios-sdk" */;
			productName = FirebaseDatabase;
		};
		935FFBD12A067A01007B0E70 /* FirebaseDatabaseSwift */ = {
			isa = XCSwiftPackageProductDependency;
			package = 935FFBBC2A067A01007B0E70 /* XCRemoteSwiftPackageReference "firebase-ios-sdk" */;
			productName = FirebaseDatabaseSwift;
		};
		935FFBD32A067A01007B0E70 /* FirebaseDynamicLinks */ = {
			isa = XCSwiftPackageProductDependency;
			package = 935FFBBC2A067A01007B0E70 /* XCRemoteSwiftPackageReference "firebase-ios-sdk" */;
			productName = FirebaseDynamicLinks;
		};
		935FFBD52A067A01007B0E70 /* FirebaseFirestore */ = {
			isa = XCSwiftPackageProductDependency;
			package = 935FFBBC2A067A01007B0E70 /* XCRemoteSwiftPackageReference "firebase-ios-sdk" */;
			productName = FirebaseFirestore;
		};
		935FFBD72A067A01007B0E70 /* FirebaseFirestoreCombine-Community */ = {
			isa = XCSwiftPackageProductDependency;
			package = 935FFBBC2A067A01007B0E70 /* XCRemoteSwiftPackageReference "firebase-ios-sdk" */;
			productName = "FirebaseFirestoreCombine-Community";
		};
		935FFBD92A067A01007B0E70 /* FirebaseFirestoreSwift */ = {
			isa = XCSwiftPackageProductDependency;
			package = 935FFBBC2A067A01007B0E70 /* XCRemoteSwiftPackageReference "firebase-ios-sdk" */;
			productName = FirebaseFirestoreSwift;
		};
		935FFBDB2A067A01007B0E70 /* FirebaseFunctions */ = {
			isa = XCSwiftPackageProductDependency;
			package = 935FFBBC2A067A01007B0E70 /* XCRemoteSwiftPackageReference "firebase-ios-sdk" */;
			productName = FirebaseFunctions;
		};
		935FFBDD2A067A01007B0E70 /* FirebaseFunctionsCombine-Community */ = {
			isa = XCSwiftPackageProductDependency;
			package = 935FFBBC2A067A01007B0E70 /* XCRemoteSwiftPackageReference "firebase-ios-sdk" */;
			productName = "FirebaseFunctionsCombine-Community";
		};
		935FFBDF2A067A01007B0E70 /* FirebaseInAppMessaging-Beta */ = {
			isa = XCSwiftPackageProductDependency;
			package = 935FFBBC2A067A01007B0E70 /* XCRemoteSwiftPackageReference "firebase-ios-sdk" */;
			productName = "FirebaseInAppMessaging-Beta";
		};
		935FFBE12A067A01007B0E70 /* FirebaseInAppMessagingSwift-Beta */ = {
			isa = XCSwiftPackageProductDependency;
			package = 935FFBBC2A067A01007B0E70 /* XCRemoteSwiftPackageReference "firebase-ios-sdk" */;
			productName = "FirebaseInAppMessagingSwift-Beta";
		};
		935FFBE32A067A01007B0E70 /* FirebaseInstallations */ = {
			isa = XCSwiftPackageProductDependency;
			package = 935FFBBC2A067A01007B0E70 /* XCRemoteSwiftPackageReference "firebase-ios-sdk" */;
			productName = FirebaseInstallations;
		};
		935FFBE52A067A01007B0E70 /* FirebaseMLModelDownloader */ = {
			isa = XCSwiftPackageProductDependency;
			package = 935FFBBC2A067A01007B0E70 /* XCRemoteSwiftPackageReference "firebase-ios-sdk" */;
			productName = FirebaseMLModelDownloader;
		};
		935FFBE72A067A01007B0E70 /* FirebaseMessaging */ = {
			isa = XCSwiftPackageProductDependency;
			package = 935FFBBC2A067A01007B0E70 /* XCRemoteSwiftPackageReference "firebase-ios-sdk" */;
			productName = FirebaseMessaging;
		};
		935FFBE92A067A01007B0E70 /* FirebasePerformance */ = {
			isa = XCSwiftPackageProductDependency;
			package = 935FFBBC2A067A01007B0E70 /* XCRemoteSwiftPackageReference "firebase-ios-sdk" */;
			productName = FirebasePerformance;
		};
		935FFBEB2A067A01007B0E70 /* FirebaseRemoteConfig */ = {
			isa = XCSwiftPackageProductDependency;
			package = 935FFBBC2A067A01007B0E70 /* XCRemoteSwiftPackageReference "firebase-ios-sdk" */;
			productName = FirebaseRemoteConfig;
		};
		935FFBED2A067A01007B0E70 /* FirebaseRemoteConfigSwift */ = {
			isa = XCSwiftPackageProductDependency;
			package = 935FFBBC2A067A01007B0E70 /* XCRemoteSwiftPackageReference "firebase-ios-sdk" */;
			productName = FirebaseRemoteConfigSwift;
		};
		935FFBEF2A067A01007B0E70 /* FirebaseStorage */ = {
			isa = XCSwiftPackageProductDependency;
			package = 935FFBBC2A067A01007B0E70 /* XCRemoteSwiftPackageReference "firebase-ios-sdk" */;
			productName = FirebaseStorage;
		};
		935FFBF12A067A01007B0E70 /* FirebaseStorageCombine-Community */ = {
			isa = XCSwiftPackageProductDependency;
			package = 935FFBBC2A067A01007B0E70 /* XCRemoteSwiftPackageReference "firebase-ios-sdk" */;
			productName = "FirebaseStorageCombine-Community";
		};
/* End XCSwiftPackageProductDependency section */
	};
	rootObject = 89178BE82A026B000046C907 /* Project object */;
}
