// !$*UTF8*$!
{
	archiveVersion = 1;
	classes = {
	};
	objectVersion = 56;
	objects = {

/* Begin PBXBuildFile section */
		873A702B2A0A6F4F00F800CA /* PromiseView.swift in Sources */ = {isa = PBXBuildFile; fileRef = 873A702A2A0A6F4F00F800CA /* PromiseView.swift */; };
		873A702D2A0A6FAF00F800CA /* FamilyPromiseView.swift in Sources */ = {isa = PBXBuildFile; fileRef = 873A702C2A0A6FAF00F800CA /* FamilyPromiseView.swift */; };
		873A702F2A0A6FDF00F800CA /* FamilyPageView.swift in Sources */ = {isa = PBXBuildFile; fileRef = 873A702E2A0A6FDF00F800CA /* FamilyPageView.swift */; };
		873A70312A0A6FFE00F800CA /* FamilyMemberView.swift in Sources */ = {isa = PBXBuildFile; fileRef = 873A70302A0A6FFE00F800CA /* FamilyMemberView.swift */; };
		873A70332A0A78A100F800CA /* MyPageView.swift in Sources */ = {isa = PBXBuildFile; fileRef = 87968D022A1C8EF9007DB8AF /* MyPageView.swift */; };
		87968D0F2A1CC504007DB8AF /* MedicineInform.swift in Sources */ = {isa = PBXBuildFile; fileRef = 87968D0E2A1CC504007DB8AF /* MedicineInform.swift */; };
		87968D202A1E2D5A007DB8AF /* User.swift in Sources */ = {isa = PBXBuildFile; fileRef = 87968D1F2A1E2D5A007DB8AF /* User.swift */; };
		87B072782A2A03330097B068 /* logInView.swift in Sources */ = {isa = PBXBuildFile; fileRef = 87B072772A2A03330097B068 /* logInView.swift */; };
		87B2008A2A1E3DBD00AADFCD /* Family.swift in Sources */ = {isa = PBXBuildFile; fileRef = 87B200892A1E3DBD00AADFCD /* Family.swift */; };
		87C73F0E2A25E68900FF7CDF /* navView.swift in Sources */ = {isa = PBXBuildFile; fileRef = 87C73F0D2A25E68900FF7CDF /* navView.swift */; };
		89178BF62A026B000046C907 /* ContentView.swift in Sources */ = {isa = PBXBuildFile; fileRef = 89178BF52A026B000046C907 /* ContentView.swift */; };
		89178BFB2A026B020046C907 /* Preview Assets.xcassets in Resources */ = {isa = PBXBuildFile; fileRef = 89178BFA2A026B020046C907 /* Preview Assets.xcassets */; };
		8951E7832A07B6F800988049 /* SnsView.swift in Sources */ = {isa = PBXBuildFile; fileRef = 8951E7822A07B6F800988049 /* SnsView.swift */; };
		8951E7852A07B74900988049 /* Home.swift in Sources */ = {isa = PBXBuildFile; fileRef = 8951E7842A07B74900988049 /* Home.swift */; };
		8951E7882A07C37E00988049 /* Family_health_careApp.swift in Sources */ = {isa = PBXBuildFile; fileRef = 8951E7872A07C37E00988049 /* Family_health_careApp.swift */; };
		8951E78E2A07EF8D00988049 /* SnsPostDetailView.swift in Sources */ = {isa = PBXBuildFile; fileRef = 8951E78D2A07EF8D00988049 /* SnsPostDetailView.swift */; };
		8951E7902A07F26400988049 /* SnsUserProfile.swift in Sources */ = {isa = PBXBuildFile; fileRef = 8951E78F2A07F26400988049 /* SnsUserProfile.swift */; };
		898A2C592A1CD72400F6C917 /* Comment.swift in Sources */ = {isa = PBXBuildFile; fileRef = 898A2C582A1CD72400F6C917 /* Comment.swift */; };
		898A2C5B2A1CE0F900F6C917 /* SnsStoryWriteView.swift in Sources */ = {isa = PBXBuildFile; fileRef = 898A2C5A2A1CE0F900F6C917 /* SnsStoryWriteView.swift */; };
		898A2C5E2A1CE2AA00F6C917 /* WriteTextView.swift in Sources */ = {isa = PBXBuildFile; fileRef = 898A2C5D2A1CE2AA00F6C917 /* WriteTextView.swift */; };
		898A2C602A1E34A200F6C917 /* Story.swift in Sources */ = {isa = PBXBuildFile; fileRef = 898A2C5F2A1E34A200F6C917 /* Story.swift */; };
		89A2C8BE2A090DB60082D66F /* SnsPostRow.swift in Sources */ = {isa = PBXBuildFile; fileRef = 89A2C8BD2A090DB60082D66F /* SnsPostRow.swift */; };
		89A2C8C02A0939BA0082D66F /* SnsStoryView.swift in Sources */ = {isa = PBXBuildFile; fileRef = 89A2C8BF2A0939BA0082D66F /* SnsStoryView.swift */; };
		89E71F912A138F3100C93EBF /* SnsPostWriteView.swift in Sources */ = {isa = PBXBuildFile; fileRef = 89E71F902A138F3100C93EBF /* SnsPostWriteView.swift */; };
		89E71F942A13A9B300C93EBF /* Post.swift in Sources */ = {isa = PBXBuildFile; fileRef = 89E71F932A13A9B300C93EBF /* Post.swift */; };
		9309BCF52A1E70AC0031D5E7 /* ColorExtension.swift in Sources */ = {isa = PBXBuildFile; fileRef = 9309BCF42A1E70AC0031D5E7 /* ColorExtension.swift */; };
		932117052A0F99BB0037DAF0 /* MessageBubble.swift in Sources */ = {isa = PBXBuildFile; fileRef = 932117042A0F99BB0037DAF0 /* MessageBubble.swift */; };
		932117072A0FF5620037DAF0 /* Chats.swift in Sources */ = {isa = PBXBuildFile; fileRef = 932117062A0FF5620037DAF0 /* Chats.swift */; };
		932117092A10A0AD0037DAF0 /* GifImage.swift in Sources */ = {isa = PBXBuildFile; fileRef = 932117082A10A0AC0037DAF0 /* GifImage.swift */; };
		935FFBBE2A067A01007B0E70 /* FirebaseAnalytics in Frameworks */ = {isa = PBXBuildFile; productRef = 935FFBBD2A067A01007B0E70 /* FirebaseAnalytics */; };
		935FFBC02A067A01007B0E70 /* FirebaseAnalyticsOnDeviceConversion in Frameworks */ = {isa = PBXBuildFile; productRef = 935FFBBF2A067A01007B0E70 /* FirebaseAnalyticsOnDeviceConversion */; };
		935FFBC22A067A01007B0E70 /* FirebaseAnalyticsSwift in Frameworks */ = {isa = PBXBuildFile; productRef = 935FFBC12A067A01007B0E70 /* FirebaseAnalyticsSwift */; };
		935FFBC42A067A01007B0E70 /* FirebaseAnalyticsWithoutAdIdSupport in Frameworks */ = {isa = PBXBuildFile; productRef = 935FFBC32A067A01007B0E70 /* FirebaseAnalyticsWithoutAdIdSupport */; };
		935FFBC62A067A01007B0E70 /* FirebaseAppCheck in Frameworks */ = {isa = PBXBuildFile; productRef = 935FFBC52A067A01007B0E70 /* FirebaseAppCheck */; };
		935FFBC82A067A01007B0E70 /* FirebaseAppDistribution-Beta in Frameworks */ = {isa = PBXBuildFile; productRef = 935FFBC72A067A01007B0E70 /* FirebaseAppDistribution-Beta */; };
		935FFBCA2A067A01007B0E70 /* FirebaseAuth in Frameworks */ = {isa = PBXBuildFile; productRef = 935FFBC92A067A01007B0E70 /* FirebaseAuth */; };
		935FFBCC2A067A01007B0E70 /* FirebaseAuthCombine-Community in Frameworks */ = {isa = PBXBuildFile; productRef = 935FFBCB2A067A01007B0E70 /* FirebaseAuthCombine-Community */; };
		935FFBCE2A067A01007B0E70 /* FirebaseCrashlytics in Frameworks */ = {isa = PBXBuildFile; productRef = 935FFBCD2A067A01007B0E70 /* FirebaseCrashlytics */; };
		935FFBD02A067A01007B0E70 /* FirebaseDatabase in Frameworks */ = {isa = PBXBuildFile; productRef = 935FFBCF2A067A01007B0E70 /* FirebaseDatabase */; };
		935FFBD22A067A01007B0E70 /* FirebaseDatabaseSwift in Frameworks */ = {isa = PBXBuildFile; productRef = 935FFBD12A067A01007B0E70 /* FirebaseDatabaseSwift */; };
		935FFBD42A067A01007B0E70 /* FirebaseDynamicLinks in Frameworks */ = {isa = PBXBuildFile; productRef = 935FFBD32A067A01007B0E70 /* FirebaseDynamicLinks */; };
		935FFBD62A067A01007B0E70 /* FirebaseFirestore in Frameworks */ = {isa = PBXBuildFile; productRef = 935FFBD52A067A01007B0E70 /* FirebaseFirestore */; };
		935FFBD82A067A01007B0E70 /* FirebaseFirestoreCombine-Community in Frameworks */ = {isa = PBXBuildFile; productRef = 935FFBD72A067A01007B0E70 /* FirebaseFirestoreCombine-Community */; };
		935FFBDA2A067A01007B0E70 /* FirebaseFirestoreSwift in Frameworks */ = {isa = PBXBuildFile; productRef = 935FFBD92A067A01007B0E70 /* FirebaseFirestoreSwift */; };
		935FFBDC2A067A01007B0E70 /* FirebaseFunctions in Frameworks */ = {isa = PBXBuildFile; productRef = 935FFBDB2A067A01007B0E70 /* FirebaseFunctions */; };
		935FFBDE2A067A01007B0E70 /* FirebaseFunctionsCombine-Community in Frameworks */ = {isa = PBXBuildFile; productRef = 935FFBDD2A067A01007B0E70 /* FirebaseFunctionsCombine-Community */; };
		935FFBE02A067A01007B0E70 /* FirebaseInAppMessaging-Beta in Frameworks */ = {isa = PBXBuildFile; productRef = 935FFBDF2A067A01007B0E70 /* FirebaseInAppMessaging-Beta */; };
		935FFBE22A067A01007B0E70 /* FirebaseInAppMessagingSwift-Beta in Frameworks */ = {isa = PBXBuildFile; productRef = 935FFBE12A067A01007B0E70 /* FirebaseInAppMessagingSwift-Beta */; };
		935FFBE42A067A01007B0E70 /* FirebaseInstallations in Frameworks */ = {isa = PBXBuildFile; productRef = 935FFBE32A067A01007B0E70 /* FirebaseInstallations */; };
		935FFBE62A067A01007B0E70 /* FirebaseMLModelDownloader in Frameworks */ = {isa = PBXBuildFile; productRef = 935FFBE52A067A01007B0E70 /* FirebaseMLModelDownloader */; };
		935FFBE82A067A01007B0E70 /* FirebaseMessaging in Frameworks */ = {isa = PBXBuildFile; productRef = 935FFBE72A067A01007B0E70 /* FirebaseMessaging */; };
		935FFBEA2A067A01007B0E70 /* FirebasePerformance in Frameworks */ = {isa = PBXBuildFile; productRef = 935FFBE92A067A01007B0E70 /* FirebasePerformance */; };
		935FFBEC2A067A01007B0E70 /* FirebaseRemoteConfig in Frameworks */ = {isa = PBXBuildFile; productRef = 935FFBEB2A067A01007B0E70 /* FirebaseRemoteConfig */; };
		935FFBEE2A067A01007B0E70 /* FirebaseRemoteConfigSwift in Frameworks */ = {isa = PBXBuildFile; productRef = 935FFBED2A067A01007B0E70 /* FirebaseRemoteConfigSwift */; };
		935FFBF02A067A01007B0E70 /* FirebaseStorage in Frameworks */ = {isa = PBXBuildFile; productRef = 935FFBEF2A067A01007B0E70 /* FirebaseStorage */; };
		935FFBF22A067A01007B0E70 /* FirebaseStorageCombine-Community in Frameworks */ = {isa = PBXBuildFile; productRef = 935FFBF12A067A01007B0E70 /* FirebaseStorageCombine-Community */; };
		936AF0622A1CC59100248447 /* CharacterSelectionView.swift in Sources */ = {isa = PBXBuildFile; fileRef = 936AF0612A1CC59100248447 /* CharacterSelectionView.swift */; };
		936AF0662A1CE0CD00248447 /* ccc_gif.gif in Resources */ = {isa = PBXBuildFile; fileRef = 936AF0652A1CE0CC00248447 /* ccc_gif.gif */; };
		936B84F62A2032840042EE3F /* SwiftyGif in Frameworks */ = {isa = PBXBuildFile; productRef = 936B84F52A2032840042EE3F /* SwiftyGif */; };
		9379E2F02A1F10F500858885 /* Assets.xcassets in Resources */ = {isa = PBXBuildFile; fileRef = 9379E2EF2A1F10F500858885 /* Assets.xcassets */; };
		9384238B2A10BDD600836D47 /* man_gif.gif in Resources */ = {isa = PBXBuildFile; fileRef = 9384238A2A10BDD600836D47 /* man_gif.gif */; };
		938B045F2A139A4900A7D56D /* Test.swift in Sources */ = {isa = PBXBuildFile; fileRef = 938B045E2A139A4900A7D56D /* Test.swift */; };
		938B04632A13AB1F00A7D56D /* testtest.swift in Sources */ = {isa = PBXBuildFile; fileRef = 938B04622A13AB1F00A7D56D /* testtest.swift */; };
		938C5C8B2A10CA8400DD7865 /* Symbol.swift in Sources */ = {isa = PBXBuildFile; fileRef = 938C5C8A2A10CA8400DD7865 /* Symbol.swift */; };
		938C5C8D2A10D06300DD7865 /* SickView.swift in Sources */ = {isa = PBXBuildFile; fileRef = 938C5C8C2A10D06300DD7865 /* SickView.swift */; };
		939FD5242A308E7E006F569B /* green_gif.gif in Resources */ = {isa = PBXBuildFile; fileRef = 939FD5232A308E7E006F569B /* green_gif.gif */; };
		939FD5262A308E8A006F569B /* sprout_gif.gif in Resources */ = {isa = PBXBuildFile; fileRef = 939FD5252A308E8A006F569B /* sprout_gif.gif */; };
		93B5B0B22A1703D9007DF94F /* medicineTakenView.swift in Sources */ = {isa = PBXBuildFile; fileRef = 93B5B0B12A1703D9007DF94F /* medicineTakenView.swift */; };
		93CC218A2A246D3B00981AC1 /* CharacterTabView.swift in Sources */ = {isa = PBXBuildFile; fileRef = 93CC21892A246D3B00981AC1 /* CharacterTabView.swift */; };
		93CC218C2A2470D500981AC1 /* CharacterTabMenuBar.swift in Sources */ = {isa = PBXBuildFile; fileRef = 93CC218B2A2470D500981AC1 /* CharacterTabMenuBar.swift */; };
		93CC218E2A262CB000981AC1 /* MedicExplanationView.swift in Sources */ = {isa = PBXBuildFile; fileRef = 93CC218D2A262CB000981AC1 /* MedicExplanationView.swift */; };
		93CC21912A27785D00981AC1 /* NavigationBar.swift in Sources */ = {isa = PBXBuildFile; fileRef = 93CC21902A27785D00981AC1 /* NavigationBar.swift */; };
		93D8FDBD2A0F843D0016675C /* Medicine.swift in Sources */ = {isa = PBXBuildFile; fileRef = 93D8FDBC2A0F843D0016675C /* Medicine.swift */; };
		93D8FDBF2A0F846F0016675C /* Medicines.swift in Sources */ = {isa = PBXBuildFile; fileRef = 93D8FDBE2A0F846F0016675C /* Medicines.swift */; };
		93D8FDC42A0F858F0016675C /* CharacterView.swift in Sources */ = {isa = PBXBuildFile; fileRef = 93D8FDC32A0F858F0016675C /* CharacterView.swift */; };
		93D8FDC62A0F88A10016675C /* ChatView.swift in Sources */ = {isa = PBXBuildFile; fileRef = 93D8FDC52A0F88A10016675C /* ChatView.swift */; };
		93D8FDC82A0F88FA0016675C /* Message.swift in Sources */ = {isa = PBXBuildFile; fileRef = 93D8FDC72A0F88FA0016675C /* Message.swift */; };
		F20317EC2A1CB38300ADE420 /* MyPageEditMedicineStateView.swift in Sources */ = {isa = PBXBuildFile; fileRef = F20317EB2A1CB38300ADE420 /* MyPageEditMedicineStateView.swift */; };
		F298DB122A0A87B400D1DB2E /* GoogleService-Info.plist in Resources */ = {isa = PBXBuildFile; fileRef = 8951E77F2A07B6A000988049 /* GoogleService-Info.plist */; };
		F2E578782A1376A500A0E93B /* MedicineStateRow.swift in Sources */ = {isa = PBXBuildFile; fileRef = F2E578772A1376A500A0E93B /* MedicineStateRow.swift */; };
		F2E5787A2A1376EE00A0E93B /* MedicineState.swift in Sources */ = {isa = PBXBuildFile; fileRef = F2E578792A1376EE00A0E93B /* MedicineState.swift */; };
		F2E5787E2A137DB100A0E93B /* SearchResultRow.swift in Sources */ = {isa = PBXBuildFile; fileRef = F2E5787D2A137DB100A0E93B /* SearchResultRow.swift */; };
		F2E578802A1394CF00A0E93B /* Promise.swift in Sources */ = {isa = PBXBuildFile; fileRef = F2E5787F2A1394CF00A0E93B /* Promise.swift */; };
		F2E578822A13996F00A0E93B /* HeightWeight.swift in Sources */ = {isa = PBXBuildFile; fileRef = F2E578812A13996F00A0E93B /* HeightWeight.swift */; };
		F2E578842A139A8C00A0E93B /* Walk.swift in Sources */ = {isa = PBXBuildFile; fileRef = F2E578832A139A8C00A0E93B /* Walk.swift */; };
		F2FC8AAA2A13211000EC6E89 /* MyPagePromiseWriteView.swift in Sources */ = {isa = PBXBuildFile; fileRef = F2FC8AA92A13211000EC6E89 /* MyPagePromiseWriteView.swift */; };
		F2FC8AAC2A13212100EC6E89 /* MyPageMedicineSearchView.swift in Sources */ = {isa = PBXBuildFile; fileRef = F2FC8AAB2A13212100EC6E89 /* MyPageMedicineSearchView.swift */; };
/* End PBXBuildFile section */

/* Begin PBXFileReference section */
		873A702A2A0A6F4F00F800CA /* PromiseView.swift */ = {isa = PBXFileReference; lastKnownFileType = sourcecode.swift; path = PromiseView.swift; sourceTree = "<group>"; };
		873A702C2A0A6FAF00F800CA /* FamilyPromiseView.swift */ = {isa = PBXFileReference; lastKnownFileType = sourcecode.swift; path = FamilyPromiseView.swift; sourceTree = "<group>"; };
		873A702E2A0A6FDF00F800CA /* FamilyPageView.swift */ = {isa = PBXFileReference; lastKnownFileType = sourcecode.swift; path = FamilyPageView.swift; sourceTree = "<group>"; };
		873A70302A0A6FFE00F800CA /* FamilyMemberView.swift */ = {isa = PBXFileReference; lastKnownFileType = sourcecode.swift; path = FamilyMemberView.swift; sourceTree = "<group>"; };
		87968D022A1C8EF9007DB8AF /* MyPageView.swift */ = {isa = PBXFileReference; lastKnownFileType = sourcecode.swift; path = MyPageView.swift; sourceTree = "<group>"; };
		87968D0E2A1CC504007DB8AF /* MedicineInform.swift */ = {isa = PBXFileReference; lastKnownFileType = sourcecode.swift; path = MedicineInform.swift; sourceTree = "<group>"; };
		87968D1F2A1E2D5A007DB8AF /* User.swift */ = {isa = PBXFileReference; lastKnownFileType = sourcecode.swift; path = User.swift; sourceTree = "<group>"; };
		87B072772A2A03330097B068 /* logInView.swift */ = {isa = PBXFileReference; lastKnownFileType = sourcecode.swift; path = logInView.swift; sourceTree = "<group>"; };
		87B200892A1E3DBD00AADFCD /* Family.swift */ = {isa = PBXFileReference; lastKnownFileType = sourcecode.swift; path = Family.swift; sourceTree = "<group>"; };
		87C73F0D2A25E68900FF7CDF /* navView.swift */ = {isa = PBXFileReference; lastKnownFileType = sourcecode.swift; path = navView.swift; sourceTree = "<group>"; };
		89178BF52A026B000046C907 /* ContentView.swift */ = {isa = PBXFileReference; lastKnownFileType = sourcecode.swift; path = ContentView.swift; sourceTree = "<group>"; };
		89178BFA2A026B020046C907 /* Preview Assets.xcassets */ = {isa = PBXFileReference; lastKnownFileType = folder.assetcatalog; path = "Preview Assets.xcassets"; sourceTree = "<group>"; };
		8951E77F2A07B6A000988049 /* GoogleService-Info.plist */ = {isa = PBXFileReference; fileEncoding = 4; lastKnownFileType = text.plist.xml; name = "GoogleService-Info.plist"; path = "Family-health-care/Resource/Firebase/GoogleService-Info.plist"; sourceTree = SOURCE_ROOT; };
		8951E7822A07B6F800988049 /* SnsView.swift */ = {isa = PBXFileReference; lastKnownFileType = sourcecode.swift; path = SnsView.swift; sourceTree = "<group>"; };
		8951E7842A07B74900988049 /* Home.swift */ = {isa = PBXFileReference; lastKnownFileType = sourcecode.swift; path = Home.swift; sourceTree = "<group>"; };
		8951E7872A07C37E00988049 /* Family_health_careApp.swift */ = {isa = PBXFileReference; lastKnownFileType = sourcecode.swift; path = Family_health_careApp.swift; sourceTree = "<group>"; };
		8951E78D2A07EF8D00988049 /* SnsPostDetailView.swift */ = {isa = PBXFileReference; lastKnownFileType = sourcecode.swift; path = SnsPostDetailView.swift; sourceTree = "<group>"; };
		8951E78F2A07F26400988049 /* SnsUserProfile.swift */ = {isa = PBXFileReference; lastKnownFileType = sourcecode.swift; path = SnsUserProfile.swift; sourceTree = "<group>"; };
		898A2C582A1CD72400F6C917 /* Comment.swift */ = {isa = PBXFileReference; lastKnownFileType = sourcecode.swift; path = Comment.swift; sourceTree = "<group>"; };
		898A2C5A2A1CE0F900F6C917 /* SnsStoryWriteView.swift */ = {isa = PBXFileReference; lastKnownFileType = sourcecode.swift; path = SnsStoryWriteView.swift; sourceTree = "<group>"; };
		898A2C5D2A1CE2AA00F6C917 /* WriteTextView.swift */ = {isa = PBXFileReference; lastKnownFileType = sourcecode.swift; path = WriteTextView.swift; sourceTree = "<group>"; };
		898A2C5F2A1E34A200F6C917 /* Story.swift */ = {isa = PBXFileReference; lastKnownFileType = sourcecode.swift; path = Story.swift; sourceTree = "<group>"; };
		89A2C8BD2A090DB60082D66F /* SnsPostRow.swift */ = {isa = PBXFileReference; lastKnownFileType = sourcecode.swift; path = SnsPostRow.swift; sourceTree = "<group>"; };
		89A2C8BF2A0939BA0082D66F /* SnsStoryView.swift */ = {isa = PBXFileReference; lastKnownFileType = sourcecode.swift; path = SnsStoryView.swift; sourceTree = "<group>"; };
		89E71F902A138F3100C93EBF /* SnsPostWriteView.swift */ = {isa = PBXFileReference; lastKnownFileType = sourcecode.swift; path = SnsPostWriteView.swift; sourceTree = "<group>"; };
		89E71F932A13A9B300C93EBF /* Post.swift */ = {isa = PBXFileReference; lastKnownFileType = sourcecode.swift; path = Post.swift; sourceTree = "<group>"; };
		9309BCF42A1E70AC0031D5E7 /* ColorExtension.swift */ = {isa = PBXFileReference; fileEncoding = 4; lastKnownFileType = sourcecode.swift; path = ColorExtension.swift; sourceTree = "<group>"; };
		932117042A0F99BB0037DAF0 /* MessageBubble.swift */ = {isa = PBXFileReference; lastKnownFileType = sourcecode.swift; path = MessageBubble.swift; sourceTree = "<group>"; };
		932117062A0FF5620037DAF0 /* Chats.swift */ = {isa = PBXFileReference; lastKnownFileType = sourcecode.swift; path = Chats.swift; sourceTree = "<group>"; };
		932117082A10A0AC0037DAF0 /* GifImage.swift */ = {isa = PBXFileReference; lastKnownFileType = sourcecode.swift; path = GifImage.swift; sourceTree = "<group>"; };
		936AF0612A1CC59100248447 /* CharacterSelectionView.swift */ = {isa = PBXFileReference; lastKnownFileType = sourcecode.swift; path = CharacterSelectionView.swift; sourceTree = "<group>"; };
		936AF0652A1CE0CC00248447 /* ccc_gif.gif */ = {isa = PBXFileReference; lastKnownFileType = image.gif; path = ccc_gif.gif; sourceTree = "<group>"; };
		9379E2EF2A1F10F500858885 /* Assets.xcassets */ = {isa = PBXFileReference; lastKnownFileType = folder.assetcatalog; name = Assets.xcassets; path = "Family-health-care/Assets.xcassets"; sourceTree = "<group>"; };
		9384238A2A10BDD600836D47 /* man_gif.gif */ = {isa = PBXFileReference; lastKnownFileType = image.gif; path = man_gif.gif; sourceTree = "<group>"; };
		938B045E2A139A4900A7D56D /* Test.swift */ = {isa = PBXFileReference; lastKnownFileType = sourcecode.swift; path = Test.swift; sourceTree = "<group>"; };
		938B04622A13AB1F00A7D56D /* testtest.swift */ = {isa = PBXFileReference; lastKnownFileType = sourcecode.swift; path = testtest.swift; sourceTree = "<group>"; };
		938C5C8A2A10CA8400DD7865 /* Symbol.swift */ = {isa = PBXFileReference; lastKnownFileType = sourcecode.swift; path = Symbol.swift; sourceTree = "<group>"; };
		938C5C8C2A10D06300DD7865 /* SickView.swift */ = {isa = PBXFileReference; lastKnownFileType = sourcecode.swift; path = SickView.swift; sourceTree = "<group>"; };
		939FD5232A308E7E006F569B /* green_gif.gif */ = {isa = PBXFileReference; lastKnownFileType = image.gif; path = green_gif.gif; sourceTree = "<group>"; };
		939FD5252A308E8A006F569B /* sprout_gif.gif */ = {isa = PBXFileReference; lastKnownFileType = image.gif; path = sprout_gif.gif; sourceTree = "<group>"; };
		93B5B0B12A1703D9007DF94F /* medicineTakenView.swift */ = {isa = PBXFileReference; lastKnownFileType = sourcecode.swift; path = medicineTakenView.swift; sourceTree = "<group>"; };
		93CC21892A246D3B00981AC1 /* CharacterTabView.swift */ = {isa = PBXFileReference; lastKnownFileType = sourcecode.swift; path = CharacterTabView.swift; sourceTree = "<group>"; };
		93CC218B2A2470D500981AC1 /* CharacterTabMenuBar.swift */ = {isa = PBXFileReference; lastKnownFileType = sourcecode.swift; path = CharacterTabMenuBar.swift; sourceTree = "<group>"; };
		93CC218D2A262CB000981AC1 /* MedicExplanationView.swift */ = {isa = PBXFileReference; lastKnownFileType = sourcecode.swift; path = MedicExplanationView.swift; sourceTree = "<group>"; };
		93CC21902A27785D00981AC1 /* NavigationBar.swift */ = {isa = PBXFileReference; lastKnownFileType = sourcecode.swift; path = NavigationBar.swift; sourceTree = "<group>"; };
		93D8FDBC2A0F843D0016675C /* Medicine.swift */ = {isa = PBXFileReference; lastKnownFileType = sourcecode.swift; path = Medicine.swift; sourceTree = "<group>"; };
		93D8FDBE2A0F846F0016675C /* Medicines.swift */ = {isa = PBXFileReference; lastKnownFileType = sourcecode.swift; path = Medicines.swift; sourceTree = "<group>"; };
		93D8FDC32A0F858F0016675C /* CharacterView.swift */ = {isa = PBXFileReference; lastKnownFileType = sourcecode.swift; path = CharacterView.swift; sourceTree = "<group>"; };
		93D8FDC52A0F88A10016675C /* ChatView.swift */ = {isa = PBXFileReference; lastKnownFileType = sourcecode.swift; path = ChatView.swift; sourceTree = "<group>"; };
		93D8FDC72A0F88FA0016675C /* Message.swift */ = {isa = PBXFileReference; lastKnownFileType = sourcecode.swift; path = Message.swift; sourceTree = "<group>"; };
		F20317EB2A1CB38300ADE420 /* MyPageEditMedicineStateView.swift */ = {isa = PBXFileReference; lastKnownFileType = sourcecode.swift; path = MyPageEditMedicineStateView.swift; sourceTree = "<group>"; };
		F2E578772A1376A500A0E93B /* MedicineStateRow.swift */ = {isa = PBXFileReference; lastKnownFileType = sourcecode.swift; path = MedicineStateRow.swift; sourceTree = "<group>"; };
		F2E578792A1376EE00A0E93B /* MedicineState.swift */ = {isa = PBXFileReference; lastKnownFileType = sourcecode.swift; path = MedicineState.swift; sourceTree = "<group>"; };
		F2E5787D2A137DB100A0E93B /* SearchResultRow.swift */ = {isa = PBXFileReference; lastKnownFileType = sourcecode.swift; path = SearchResultRow.swift; sourceTree = "<group>"; };
		F2E5787F2A1394CF00A0E93B /* Promise.swift */ = {isa = PBXFileReference; lastKnownFileType = sourcecode.swift; path = Promise.swift; sourceTree = "<group>"; };
		F2E578812A13996F00A0E93B /* HeightWeight.swift */ = {isa = PBXFileReference; lastKnownFileType = sourcecode.swift; path = HeightWeight.swift; sourceTree = "<group>"; };
		F2E578832A139A8C00A0E93B /* Walk.swift */ = {isa = PBXFileReference; lastKnownFileType = sourcecode.swift; path = Walk.swift; sourceTree = "<group>"; };
		F2FC8AA92A13211000EC6E89 /* MyPagePromiseWriteView.swift */ = {isa = PBXFileReference; lastKnownFileType = sourcecode.swift; path = MyPagePromiseWriteView.swift; sourceTree = "<group>"; };
		F2FC8AAB2A13212100EC6E89 /* MyPageMedicineSearchView.swift */ = {isa = PBXFileReference; lastKnownFileType = sourcecode.swift; path = MyPageMedicineSearchView.swift; sourceTree = "<group>"; };
/* End PBXFileReference section */

/* Begin PBXFrameworksBuildPhase section */
		89178BED2A026B000046C907 /* Frameworks */ = {
			isa = PBXFrameworksBuildPhase;
			buildActionMask = 2147483647;
			files = (
				935FFBD02A067A01007B0E70 /* FirebaseDatabase in Frameworks */,
				935FFBDE2A067A01007B0E70 /* FirebaseFunctionsCombine-Community in Frameworks */,
				935FFBD62A067A01007B0E70 /* FirebaseFirestore in Frameworks */,
				935FFBC22A067A01007B0E70 /* FirebaseAnalyticsSwift in Frameworks */,
				935FFBBE2A067A01007B0E70 /* FirebaseAnalytics in Frameworks */,
				935FFBC02A067A01007B0E70 /* FirebaseAnalyticsOnDeviceConversion in Frameworks */,
				935FFBE62A067A01007B0E70 /* FirebaseMLModelDownloader in Frameworks */,
				935FFBDA2A067A01007B0E70 /* FirebaseFirestoreSwift in Frameworks */,
				935FFBC62A067A01007B0E70 /* FirebaseAppCheck in Frameworks */,
				936B84F62A2032840042EE3F /* SwiftyGif in Frameworks */,
				935FFBC42A067A01007B0E70 /* FirebaseAnalyticsWithoutAdIdSupport in Frameworks */,
				935FFBCA2A067A01007B0E70 /* FirebaseAuth in Frameworks */,
				935FFBCE2A067A01007B0E70 /* FirebaseCrashlytics in Frameworks */,
				935FFBEE2A067A01007B0E70 /* FirebaseRemoteConfigSwift in Frameworks */,
				935FFBE02A067A01007B0E70 /* FirebaseInAppMessaging-Beta in Frameworks */,
				935FFBD22A067A01007B0E70 /* FirebaseDatabaseSwift in Frameworks */,
				935FFBDC2A067A01007B0E70 /* FirebaseFunctions in Frameworks */,
				935FFBF22A067A01007B0E70 /* FirebaseStorageCombine-Community in Frameworks */,
				935FFBEC2A067A01007B0E70 /* FirebaseRemoteConfig in Frameworks */,
				935FFBC82A067A01007B0E70 /* FirebaseAppDistribution-Beta in Frameworks */,
				935FFBCC2A067A01007B0E70 /* FirebaseAuthCombine-Community in Frameworks */,
				935FFBEA2A067A01007B0E70 /* FirebasePerformance in Frameworks */,
				935FFBE22A067A01007B0E70 /* FirebaseInAppMessagingSwift-Beta in Frameworks */,
				935FFBF02A067A01007B0E70 /* FirebaseStorage in Frameworks */,
				935FFBD42A067A01007B0E70 /* FirebaseDynamicLinks in Frameworks */,
				935FFBD82A067A01007B0E70 /* FirebaseFirestoreCombine-Community in Frameworks */,
				935FFBE82A067A01007B0E70 /* FirebaseMessaging in Frameworks */,
				935FFBE42A067A01007B0E70 /* FirebaseInstallations in Frameworks */,
			);
			runOnlyForDeploymentPostprocessing = 0;
		};
/* End PBXFrameworksBuildPhase section */

/* Begin PBXGroup section */
		873A70292A0A6F1C00F800CA /* FamilyPage */ = {
			isa = PBXGroup;
			children = (
				873A702C2A0A6FAF00F800CA /* FamilyPromiseView.swift */,
				873A702E2A0A6FDF00F800CA /* FamilyPageView.swift */,
				873A702A2A0A6F4F00F800CA /* PromiseView.swift */,
				873A70302A0A6FFE00F800CA /* FamilyMemberView.swift */,
				87968D0E2A1CC504007DB8AF /* MedicineInform.swift */,
			);
			path = FamilyPage;
			sourceTree = "<group>";
		};
		873A70322A0A789100F800CA /* MyPage */ = {
			isa = PBXGroup;
			children = (
				87968D022A1C8EF9007DB8AF /* MyPageView.swift */,
				F2FC8AA92A13211000EC6E89 /* MyPagePromiseWriteView.swift */,
				F2FC8AAB2A13212100EC6E89 /* MyPageMedicineSearchView.swift */,
				F2E578772A1376A500A0E93B /* MedicineStateRow.swift */,
				F2E5787D2A137DB100A0E93B /* SearchResultRow.swift */,
				F20317EB2A1CB38300ADE420 /* MyPageEditMedicineStateView.swift */,
			);
			path = MyPage;
			sourceTree = "<group>";
		};
		89178BE72A026B000046C907 = {
			isa = PBXGroup;
			children = (
				89178BF22A026B000046C907 /* Family-health-care */,
				9379E2EF2A1F10F500858885 /* Assets.xcassets */,
				89178BF12A026B000046C907 /* Products */,
			);
			sourceTree = "<group>";
		};
		89178BF12A026B000046C907 /* Products */ = {
			isa = PBXGroup;
			children = (
			);
			name = Products;
			sourceTree = "<group>";
		};
		89178BF22A026B000046C907 /* Family-health-care */ = {
			isa = PBXGroup;
			children = (
				F2E578762A13767100A0E93B /* Model */,
				8951E77D2A07B68D00988049 /* Resource */,
				8951E7862A07C2F900988049 /* Application */,
				935FFBF32A067BBE007B0E70 /* User Interface */,
				935FFBB42A067830007B0E70 /* Helper */,
				89178BF92A026B020046C907 /* Preview Content */,
			);
			path = "Family-health-care";
			sourceTree = "<group>";
		};
		89178BF92A026B020046C907 /* Preview Content */ = {
			isa = PBXGroup;
			children = (
				89178BFA2A026B020046C907 /* Preview Assets.xcassets */,
			);
			path = "Preview Content";
			sourceTree = "<group>";
		};
		8951E77D2A07B68D00988049 /* Resource */ = {
			isa = PBXGroup;
			children = (
				9384238C2A10BDD900836D47 /* gif */,
				8951E77E2A07B69600988049 /* Firebase */,
			);
			path = Resource;
			sourceTree = "<group>";
		};
		8951E77E2A07B69600988049 /* Firebase */ = {
			isa = PBXGroup;
			children = (
				8951E77F2A07B6A000988049 /* GoogleService-Info.plist */,
			);
			path = Firebase;
			sourceTree = "<group>";
		};
		8951E7812A07B6E500988049 /* SNS */ = {
			isa = PBXGroup;
			children = (
				8951E7822A07B6F800988049 /* SnsView.swift */,
				8951E78D2A07EF8D00988049 /* SnsPostDetailView.swift */,
				8951E78F2A07F26400988049 /* SnsUserProfile.swift */,
				89A2C8BD2A090DB60082D66F /* SnsPostRow.swift */,
				89A2C8BF2A0939BA0082D66F /* SnsStoryView.swift */,
				89E71F902A138F3100C93EBF /* SnsPostWriteView.swift */,
				898A2C5A2A1CE0F900F6C917 /* SnsStoryWriteView.swift */,
			);
			path = SNS;
			sourceTree = "<group>";
		};
		8951E7862A07C2F900988049 /* Application */ = {
			isa = PBXGroup;
			children = (
				8951E7872A07C37E00988049 /* Family_health_careApp.swift */,
			);
			path = Application;
			sourceTree = "<group>";
		};
		935FFBB42A067830007B0E70 /* Helper */ = {
			isa = PBXGroup;
			children = (
				938C5C892A10CA6800DD7865 /* CustomView */,
				935FFBB52A067835007B0E70 /* Extension */,
			);
			path = Helper;
			sourceTree = "<group>";
		};
		935FFBB52A067835007B0E70 /* Extension */ = {
			isa = PBXGroup;
			children = (
				9309BCF42A1E70AC0031D5E7 /* ColorExtension.swift */,
				898A2C5D2A1CE2AA00F6C917 /* WriteTextView.swift */,
			);
			path = Extension;
			sourceTree = "<group>";
		};
		935FFBF32A067BBE007B0E70 /* User Interface */ = {
			isa = PBXGroup;
			children = (
				935FFBF42A067BD1007B0E70 /* Home */,
			);
			path = "User Interface";
			sourceTree = "<group>";
		};
		935FFBF42A067BD1007B0E70 /* Home */ = {
			isa = PBXGroup;
			children = (
				93D8FDC22A0F84D70016675C /* Character */,
				873A70322A0A789100F800CA /* MyPage */,
				8951E7812A07B6E500988049 /* SNS */,
				89178BF52A026B000046C907 /* ContentView.swift */,
				8951E7842A07B74900988049 /* Home.swift */,
				938B04622A13AB1F00A7D56D /* testtest.swift */,
				87C73F0D2A25E68900FF7CDF /* navView.swift */,
				87B072772A2A03330097B068 /* logInView.swift */,
				873A70292A0A6F1C00F800CA /* FamilyPage */,
			);
			path = Home;
			sourceTree = "<group>";
		};
		9384238C2A10BDD900836D47 /* gif */ = {
			isa = PBXGroup;
			children = (
				939FD5252A308E8A006F569B /* sprout_gif.gif */,
				939FD5232A308E7E006F569B /* green_gif.gif */,
				936AF0652A1CE0CC00248447 /* ccc_gif.gif */,
				9384238A2A10BDD600836D47 /* man_gif.gif */,
			);
			path = gif;
			sourceTree = "<group>";
		};
		938C5C892A10CA6800DD7865 /* CustomView */ = {
			isa = PBXGroup;
			children = (
				932117082A10A0AC0037DAF0 /* GifImage.swift */,
				938C5C8A2A10CA8400DD7865 /* Symbol.swift */,
				93CC21902A27785D00981AC1 /* NavigationBar.swift */,
			);
			path = CustomView;
			sourceTree = "<group>";
		};
		93D8FDC22A0F84D70016675C /* Character */ = {
			isa = PBXGroup;
			children = (
				93D8FDC32A0F858F0016675C /* CharacterView.swift */,
				93D8FDC52A0F88A10016675C /* ChatView.swift */,
				932117042A0F99BB0037DAF0 /* MessageBubble.swift */,
				938C5C8C2A10D06300DD7865 /* SickView.swift */,
				93B5B0B12A1703D9007DF94F /* medicineTakenView.swift */,
				936AF0612A1CC59100248447 /* CharacterSelectionView.swift */,
				93CC21892A246D3B00981AC1 /* CharacterTabView.swift */,
				93CC218B2A2470D500981AC1 /* CharacterTabMenuBar.swift */,
				93CC218D2A262CB000981AC1 /* MedicExplanationView.swift */,
			);
			path = Character;
			sourceTree = "<group>";
		};
		F2E578762A13767100A0E93B /* Model */ = {
			isa = PBXGroup;
			children = (
				93D8FDBC2A0F843D0016675C /* Medicine.swift */,
				93D8FDBE2A0F846F0016675C /* Medicines.swift */,
				93D8FDC72A0F88FA0016675C /* Message.swift */,
				932117062A0FF5620037DAF0 /* Chats.swift */,
				938B045E2A139A4900A7D56D /* Test.swift */,
				F2E578792A1376EE00A0E93B /* MedicineState.swift */,
				F2E5787F2A1394CF00A0E93B /* Promise.swift */,
				F2E578812A13996F00A0E93B /* HeightWeight.swift */,
				F2E578832A139A8C00A0E93B /* Walk.swift */,
				898A2C5F2A1E34A200F6C917 /* Story.swift */,
				89E71F932A13A9B300C93EBF /* Post.swift */,
				898A2C582A1CD72400F6C917 /* Comment.swift */,
				87968D1F2A1E2D5A007DB8AF /* User.swift */,
				87B200892A1E3DBD00AADFCD /* Family.swift */,
			);
			path = Model;
			sourceTree = "<group>";
		};
/* End PBXGroup section */

/* Begin PBXNativeTarget section */
		89178BEF2A026B000046C907 /* Family-health-care */ = {
			isa = PBXNativeTarget;
			buildConfigurationList = 89178BFE2A026B020046C907 /* Build configuration list for PBXNativeTarget "Family-health-care" */;
			buildPhases = (
				89178BEC2A026B000046C907 /* Sources */,
				89178BED2A026B000046C907 /* Frameworks */,
				89178BEE2A026B000046C907 /* Resources */,
			);
			buildRules = (
			);
			dependencies = (
			);
			name = "Family-health-care";
			packageProductDependencies = (
				935FFBBD2A067A01007B0E70 /* FirebaseAnalytics */,
				935FFBBF2A067A01007B0E70 /* FirebaseAnalyticsOnDeviceConversion */,
				935FFBC12A067A01007B0E70 /* FirebaseAnalyticsSwift */,
				935FFBC32A067A01007B0E70 /* FirebaseAnalyticsWithoutAdIdSupport */,
				935FFBC52A067A01007B0E70 /* FirebaseAppCheck */,
				935FFBC72A067A01007B0E70 /* FirebaseAppDistribution-Beta */,
				935FFBC92A067A01007B0E70 /* FirebaseAuth */,
				935FFBCB2A067A01007B0E70 /* FirebaseAuthCombine-Community */,
				935FFBCD2A067A01007B0E70 /* FirebaseCrashlytics */,
				935FFBCF2A067A01007B0E70 /* FirebaseDatabase */,
				935FFBD12A067A01007B0E70 /* FirebaseDatabaseSwift */,
				935FFBD32A067A01007B0E70 /* FirebaseDynamicLinks */,
				935FFBD52A067A01007B0E70 /* FirebaseFirestore */,
				935FFBD72A067A01007B0E70 /* FirebaseFirestoreCombine-Community */,
				935FFBD92A067A01007B0E70 /* FirebaseFirestoreSwift */,
				935FFBDB2A067A01007B0E70 /* FirebaseFunctions */,
				935FFBDD2A067A01007B0E70 /* FirebaseFunctionsCombine-Community */,
				935FFBDF2A067A01007B0E70 /* FirebaseInAppMessaging-Beta */,
				935FFBE12A067A01007B0E70 /* FirebaseInAppMessagingSwift-Beta */,
				935FFBE32A067A01007B0E70 /* FirebaseInstallations */,
				935FFBE52A067A01007B0E70 /* FirebaseMLModelDownloader */,
				935FFBE72A067A01007B0E70 /* FirebaseMessaging */,
				935FFBE92A067A01007B0E70 /* FirebasePerformance */,
				935FFBEB2A067A01007B0E70 /* FirebaseRemoteConfig */,
				935FFBED2A067A01007B0E70 /* FirebaseRemoteConfigSwift */,
				935FFBEF2A067A01007B0E70 /* FirebaseStorage */,
				935FFBF12A067A01007B0E70 /* FirebaseStorageCombine-Community */,
				936B84F52A2032840042EE3F /* SwiftyGif */,
			);
			productName = "Family-health-care";
			productType = "com.apple.product-type.application";
		};
/* End PBXNativeTarget section */

/* Begin PBXProject section */
		89178BE82A026B000046C907 /* Project object */ = {
			isa = PBXProject;
			attributes = {
				BuildIndependentTargetsInParallel = 1;
				LastSwiftUpdateCheck = 1430;
				LastUpgradeCheck = 1430;
				TargetAttributes = {
					89178BEF2A026B000046C907 = {
						CreatedOnToolsVersion = 14.3;
					};
				};
			};
			buildConfigurationList = 89178BEB2A026B000046C907 /* Build configuration list for PBXProject "Family-health-care" */;
			compatibilityVersion = "Xcode 14.0";
			developmentRegion = en;
			hasScannedForEncodings = 0;
			knownRegions = (
				en,
				Base,
			);
			mainGroup = 89178BE72A026B000046C907;
			packageReferences = (
				935FFBBC2A067A01007B0E70 /* XCRemoteSwiftPackageReference "firebase-ios-sdk" */,
				936B84F42A2032840042EE3F /* XCRemoteSwiftPackageReference "SwiftyGif" */,
			);
			productRefGroup = 89178BF12A026B000046C907 /* Products */;
			projectDirPath = "";
			projectRoot = "";
			targets = (
				89178BEF2A026B000046C907 /* Family-health-care */,
			);
		};
/* End PBXProject section */

/* Begin PBXResourcesBuildPhase section */
		89178BEE2A026B000046C907 /* Resources */ = {
			isa = PBXResourcesBuildPhase;
			buildActionMask = 2147483647;
			files = (
				89178BFB2A026B020046C907 /* Preview Assets.xcassets in Resources */,
				936AF0662A1CE0CD00248447 /* ccc_gif.gif in Resources */,
				9384238B2A10BDD600836D47 /* man_gif.gif in Resources */,
				939FD5242A308E7E006F569B /* green_gif.gif in Resources */,
				9379E2F02A1F10F500858885 /* Assets.xcassets in Resources */,
				F298DB122A0A87B400D1DB2E /* GoogleService-Info.plist in Resources */,
				939FD5262A308E8A006F569B /* sprout_gif.gif in Resources */,
			);
			runOnlyForDeploymentPostprocessing = 0;
		};
/* End PBXResourcesBuildPhase section */

/* Begin PBXSourcesBuildPhase section */
		89178BEC2A026B000046C907 /* Sources */ = {
			isa = PBXSourcesBuildPhase;
			buildActionMask = 2147483647;
			files = (
				873A702B2A0A6F4F00F800CA /* PromiseView.swift in Sources */,
				873A702D2A0A6FAF00F800CA /* FamilyPromiseView.swift in Sources */,
				873A702F2A0A6FDF00F800CA /* FamilyPageView.swift in Sources */,
				873A70312A0A6FFE00F800CA /* FamilyMemberView.swift in Sources */,
				87968D0F2A1CC504007DB8AF /* MedicineInform.swift in Sources */,
				93CC21912A27785D00981AC1 /* NavigationBar.swift in Sources */,
				87968D202A1E2D5A007DB8AF /* User.swift in Sources */,
				87B2008A2A1E3DBD00AADFCD /* Family.swift in Sources */,
				89178BF62A026B000046C907 /* ContentView.swift in Sources */,
				8951E7832A07B6F800988049 /* SnsView.swift in Sources */,
				8951E7852A07B74900988049 /* Home.swift in Sources */,
				87C73F0E2A25E68900FF7CDF /* navView.swift in Sources */,
				8951E7882A07C37E00988049 /* Family_health_careApp.swift in Sources */,
				8951E78E2A07EF8D00988049 /* SnsPostDetailView.swift in Sources */,
				93CC218A2A246D3B00981AC1 /* CharacterTabView.swift in Sources */,
				8951E7902A07F26400988049 /* SnsUserProfile.swift in Sources */,
				898A2C592A1CD72400F6C917 /* Comment.swift in Sources */,
				898A2C5B2A1CE0F900F6C917 /* SnsStoryWriteView.swift in Sources */,
				898A2C5E2A1CE2AA00F6C917 /* WriteTextView.swift in Sources */,
				898A2C602A1E34A200F6C917 /* Story.swift in Sources */,
				93CC218C2A2470D500981AC1 /* CharacterTabMenuBar.swift in Sources */,
				89A2C8BE2A090DB60082D66F /* SnsPostRow.swift in Sources */,
				89A2C8C02A0939BA0082D66F /* SnsStoryView.swift in Sources */,
				89E71F912A138F3100C93EBF /* SnsPostWriteView.swift in Sources */,
				89E71F942A13A9B300C93EBF /* Post.swift in Sources */,
				9309BCF52A1E70AC0031D5E7 /* ColorExtension.swift in Sources */,
				932117052A0F99BB0037DAF0 /* MessageBubble.swift in Sources */,
				932117072A0FF5620037DAF0 /* Chats.swift in Sources */,
				932117092A10A0AD0037DAF0 /* GifImage.swift in Sources */,
				936AF0622A1CC59100248447 /* CharacterSelectionView.swift in Sources */,
				938B045F2A139A4900A7D56D /* Test.swift in Sources */,
				938B04632A13AB1F00A7D56D /* testtest.swift in Sources */,
				938C5C8B2A10CA8400DD7865 /* Symbol.swift in Sources */,
				938C5C8D2A10D06300DD7865 /* SickView.swift in Sources */,
				93B5B0B22A1703D9007DF94F /* medicineTakenView.swift in Sources */,
				93D8FDBD2A0F843D0016675C /* Medicine.swift in Sources */,
				93D8FDBF2A0F846F0016675C /* Medicines.swift in Sources */,
				93D8FDC42A0F858F0016675C /* CharacterView.swift in Sources */,
				93D8FDC62A0F88A10016675C /* ChatView.swift in Sources */,
				93D8FDC82A0F88FA0016675C /* Message.swift in Sources */,
				F20317EC2A1CB38300ADE420 /* MyPageEditMedicineStateView.swift in Sources */,
				F2E578782A1376A500A0E93B /* MedicineStateRow.swift in Sources */,
				F2E5787A2A1376EE00A0E93B /* MedicineState.swift in Sources */,
				F2E5787E2A137DB100A0E93B /* SearchResultRow.swift in Sources */,
				F2E578802A1394CF00A0E93B /* Promise.swift in Sources */,
				F2E578822A13996F00A0E93B /* HeightWeight.swift in Sources */,
				F2E578842A139A8C00A0E93B /* Walk.swift in Sources */,
				F2FC8AAA2A13211000EC6E89 /* MyPagePromiseWriteView.swift in Sources */,
				93CC218E2A262CB000981AC1 /* MedicExplanationView.swift in Sources */,
				F2FC8AAC2A13212100EC6E89 /* MyPageMedicineSearchView.swift in Sources */,
				87B072782A2A03330097B068 /* logInView.swift in Sources */,
				873A70332A0A78A100F800CA /* MyPageView.swift in Sources */,
			);
			runOnlyForDeploymentPostprocessing = 0;
		};
/* End PBXSourcesBuildPhase section */

/* Begin XCBuildConfiguration section */
		89178BFC2A026B020046C907 /* Debug */ = {
			isa = XCBuildConfiguration;
			buildSettings = {
				ALWAYS_SEARCH_USER_PATHS = NO;
				CLANG_ANALYZER_NONNULL = YES;
				CLANG_ANALYZER_NUMBER_OBJECT_CONVERSION = YES_AGGRESSIVE;
				CLANG_CXX_LANGUAGE_STANDARD = "gnu++20";
				CLANG_ENABLE_MODULES = YES;
				CLANG_ENABLE_OBJC_ARC = YES;
				CLANG_ENABLE_OBJC_WEAK = YES;
				CLANG_WARN_BLOCK_CAPTURE_AUTORELEASING = YES;
				CLANG_WARN_BOOL_CONVERSION = YES;
				CLANG_WARN_COMMA = YES;
				CLANG_WARN_CONSTANT_CONVERSION = YES;
				CLANG_WARN_DEPRECATED_OBJC_IMPLEMENTATIONS = YES;
				CLANG_WARN_DIRECT_OBJC_ISA_USAGE = YES_ERROR;
				CLANG_WARN_DOCUMENTATION_COMMENTS = YES;
				CLANG_WARN_EMPTY_BODY = YES;
				CLANG_WARN_ENUM_CONVERSION = YES;
				CLANG_WARN_INFINITE_RECURSION = YES;
				CLANG_WARN_INT_CONVERSION = YES;
				CLANG_WARN_NON_LITERAL_NULL_CONVERSION = YES;
				CLANG_WARN_OBJC_IMPLICIT_RETAIN_SELF = YES;
				CLANG_WARN_OBJC_LITERAL_CONVERSION = YES;
				CLANG_WARN_OBJC_ROOT_CLASS = YES_ERROR;
				CLANG_WARN_QUOTED_INCLUDE_IN_FRAMEWORK_HEADER = YES;
				CLANG_WARN_RANGE_LOOP_ANALYSIS = YES;
				CLANG_WARN_STRICT_PROTOTYPES = YES;
				CLANG_WARN_SUSPICIOUS_MOVE = YES;
				CLANG_WARN_UNGUARDED_AVAILABILITY = YES_AGGRESSIVE;
				CLANG_WARN_UNREACHABLE_CODE = YES;
				CLANG_WARN__DUPLICATE_METHOD_MATCH = YES;
				COPY_PHASE_STRIP = NO;
				DEBUG_INFORMATION_FORMAT = dwarf;
				ENABLE_STRICT_OBJC_MSGSEND = YES;
				ENABLE_TESTABILITY = YES;
				GCC_C_LANGUAGE_STANDARD = gnu11;
				GCC_DYNAMIC_NO_PIC = NO;
				GCC_NO_COMMON_BLOCKS = YES;
				GCC_OPTIMIZATION_LEVEL = 0;
				GCC_PREPROCESSOR_DEFINITIONS = (
					"DEBUG=1",
					"$(inherited)",
				);
				GCC_WARN_64_TO_32_BIT_CONVERSION = YES;
				GCC_WARN_ABOUT_RETURN_TYPE = YES_ERROR;
				GCC_WARN_UNDECLARED_SELECTOR = YES;
				GCC_WARN_UNINITIALIZED_AUTOS = YES_AGGRESSIVE;
				GCC_WARN_UNUSED_FUNCTION = YES;
				GCC_WARN_UNUSED_VARIABLE = YES;
				IPHONEOS_DEPLOYMENT_TARGET = 16.2;
				MTL_ENABLE_DEBUG_INFO = INCLUDE_SOURCE;
				MTL_FAST_MATH = YES;
				ONLY_ACTIVE_ARCH = YES;
				SDKROOT = iphoneos;
				SWIFT_ACTIVE_COMPILATION_CONDITIONS = DEBUG;
				SWIFT_OPTIMIZATION_LEVEL = "-Onone";
			};
			name = Debug;
		};
		89178BFD2A026B020046C907 /* Release */ = {
			isa = XCBuildConfiguration;
			buildSettings = {
				ALWAYS_SEARCH_USER_PATHS = NO;
				CLANG_ANALYZER_NONNULL = YES;
				CLANG_ANALYZER_NUMBER_OBJECT_CONVERSION = YES_AGGRESSIVE;
				CLANG_CXX_LANGUAGE_STANDARD = "gnu++20";
				CLANG_ENABLE_MODULES = YES;
				CLANG_ENABLE_OBJC_ARC = YES;
				CLANG_ENABLE_OBJC_WEAK = YES;
				CLANG_WARN_BLOCK_CAPTURE_AUTORELEASING = YES;
				CLANG_WARN_BOOL_CONVERSION = YES;
				CLANG_WARN_COMMA = YES;
				CLANG_WARN_CONSTANT_CONVERSION = YES;
				CLANG_WARN_DEPRECATED_OBJC_IMPLEMENTATIONS = YES;
				CLANG_WARN_DIRECT_OBJC_ISA_USAGE = YES_ERROR;
				CLANG_WARN_DOCUMENTATION_COMMENTS = YES;
				CLANG_WARN_EMPTY_BODY = YES;
				CLANG_WARN_ENUM_CONVERSION = YES;
				CLANG_WARN_INFINITE_RECURSION = YES;
				CLANG_WARN_INT_CONVERSION = YES;
				CLANG_WARN_NON_LITERAL_NULL_CONVERSION = YES;
				CLANG_WARN_OBJC_IMPLICIT_RETAIN_SELF = YES;
				CLANG_WARN_OBJC_LITERAL_CONVERSION = YES;
				CLANG_WARN_OBJC_ROOT_CLASS = YES_ERROR;
				CLANG_WARN_QUOTED_INCLUDE_IN_FRAMEWORK_HEADER = YES;
				CLANG_WARN_RANGE_LOOP_ANALYSIS = YES;
				CLANG_WARN_STRICT_PROTOTYPES = YES;
				CLANG_WARN_SUSPICIOUS_MOVE = YES;
				CLANG_WARN_UNGUARDED_AVAILABILITY = YES_AGGRESSIVE;
				CLANG_WARN_UNREACHABLE_CODE = YES;
				CLANG_WARN__DUPLICATE_METHOD_MATCH = YES;
				COPY_PHASE_STRIP = NO;
				DEBUG_INFORMATION_FORMAT = "dwarf-with-dsym";
				ENABLE_NS_ASSERTIONS = NO;
				ENABLE_STRICT_OBJC_MSGSEND = YES;
				GCC_C_LANGUAGE_STANDARD = gnu11;
				GCC_NO_COMMON_BLOCKS = YES;
				GCC_WARN_64_TO_32_BIT_CONVERSION = YES;
				GCC_WARN_ABOUT_RETURN_TYPE = YES_ERROR;
				GCC_WARN_UNDECLARED_SELECTOR = YES;
				GCC_WARN_UNINITIALIZED_AUTOS = YES_AGGRESSIVE;
				GCC_WARN_UNUSED_FUNCTION = YES;
				GCC_WARN_UNUSED_VARIABLE = YES;
				IPHONEOS_DEPLOYMENT_TARGET = 16.2;
				MTL_ENABLE_DEBUG_INFO = NO;
				MTL_FAST_MATH = YES;
				SDKROOT = iphoneos;
				SWIFT_COMPILATION_MODE = wholemodule;
				SWIFT_OPTIMIZATION_LEVEL = "-O";
				VALIDATE_PRODUCT = YES;
			};
			name = Release;
		};
		89178BFF2A026B020046C907 /* Debug */ = {
			isa = XCBuildConfiguration;
			buildSettings = {
				ASSETCATALOG_COMPILER_APPICON_NAME = AppIcon;
				ASSETCATALOG_COMPILER_GLOBAL_ACCENT_COLOR_NAME = AccentColor;
				CODE_SIGN_STYLE = Automatic;
				CURRENT_PROJECT_VERSION = 1;
				DEVELOPMENT_ASSET_PATHS = "\"Family-health-care/Preview Content\"";
				DEVELOPMENT_TEAM = F43GSU7548;
				ENABLE_PREVIEWS = YES;
				GENERATE_INFOPLIST_FILE = YES;
				INFOPLIST_FILE = "";
				INFOPLIST_KEY_UIApplicationSceneManifest_Generation = YES;
				INFOPLIST_KEY_UIApplicationSupportsIndirectInputEvents = YES;
				INFOPLIST_KEY_UILaunchScreen_Generation = YES;
				INFOPLIST_KEY_UISupportedInterfaceOrientations_iPad = "UIInterfaceOrientationPortrait UIInterfaceOrientationPortraitUpsideDown UIInterfaceOrientationLandscapeLeft UIInterfaceOrientationLandscapeRight";
				INFOPLIST_KEY_UISupportedInterfaceOrientations_iPhone = "UIInterfaceOrientationPortrait UIInterfaceOrientationLandscapeLeft UIInterfaceOrientationLandscapeRight";
				IPHONEOS_DEPLOYMENT_TARGET = 16.2;
				LD_RUNPATH_SEARCH_PATHS = (
					"$(inherited)",
					"@executable_path/Frameworks",
				);
				MARKETING_VERSION = 1.0;
				PRODUCT_BUNDLE_IDENTIFIER = "kr.ac.knu.comp420.2019112601.Family-health-care";
				PRODUCT_NAME = "$(TARGET_NAME)";
				SWIFT_EMIT_LOC_STRINGS = YES;
				SWIFT_VERSION = 5.0;
				TARGETED_DEVICE_FAMILY = "1,2";
			};
			name = Debug;
		};
		89178C002A026B020046C907 /* Release */ = {
			isa = XCBuildConfiguration;
			buildSettings = {
				ASSETCATALOG_COMPILER_APPICON_NAME = AppIcon;
				ASSETCATALOG_COMPILER_GLOBAL_ACCENT_COLOR_NAME = AccentColor;
				CODE_SIGN_STYLE = Automatic;
				CURRENT_PROJECT_VERSION = 1;
				DEVELOPMENT_ASSET_PATHS = "\"Family-health-care/Preview Content\"";
				DEVELOPMENT_TEAM = F43GSU7548;
				ENABLE_PREVIEWS = YES;
				GENERATE_INFOPLIST_FILE = YES;
				INFOPLIST_FILE = "";
				INFOPLIST_KEY_UIApplicationSceneManifest_Generation = YES;
				INFOPLIST_KEY_UIApplicationSupportsIndirectInputEvents = YES;
				INFOPLIST_KEY_UILaunchScreen_Generation = YES;
				INFOPLIST_KEY_UISupportedInterfaceOrientations_iPad = "UIInterfaceOrientationPortrait UIInterfaceOrientationPortraitUpsideDown UIInterfaceOrientationLandscapeLeft UIInterfaceOrientationLandscapeRight";
				INFOPLIST_KEY_UISupportedInterfaceOrientations_iPhone = "UIInterfaceOrientationPortrait UIInterfaceOrientationLandscapeLeft UIInterfaceOrientationLandscapeRight";
				IPHONEOS_DEPLOYMENT_TARGET = 16.2;
				LD_RUNPATH_SEARCH_PATHS = (
					"$(inherited)",
					"@executable_path/Frameworks",
				);
				MARKETING_VERSION = 1.0;
				PRODUCT_BUNDLE_IDENTIFIER = "kr.ac.knu.comp420.2019112601.Family-health-care";
				PRODUCT_NAME = "$(TARGET_NAME)";
				SWIFT_EMIT_LOC_STRINGS = YES;
				SWIFT_VERSION = 5.0;
				TARGETED_DEVICE_FAMILY = "1,2";
			};
			name = Release;
		};
/* End XCBuildConfiguration section */

/* Begin XCConfigurationList section */
		89178BEB2A026B000046C907 /* Build configuration list for PBXProject "Family-health-care" */ = {
			isa = XCConfigurationList;
			buildConfigurations = (
				89178BFC2A026B020046C907 /* Debug */,
				89178BFD2A026B020046C907 /* Release */,
			);
			defaultConfigurationIsVisible = 0;
			defaultConfigurationName = Release;
		};
		89178BFE2A026B020046C907 /* Build configuration list for PBXNativeTarget "Family-health-care" */ = {
			isa = XCConfigurationList;
			buildConfigurations = (
				89178BFF2A026B020046C907 /* Debug */,
				89178C002A026B020046C907 /* Release */,
			);
			defaultConfigurationIsVisible = 0;
			defaultConfigurationName = Release;
		};
/* End XCConfigurationList section */

/* Begin XCRemoteSwiftPackageReference section */
		935FFBBC2A067A01007B0E70 /* XCRemoteSwiftPackageReference "firebase-ios-sdk" */ = {
			isa = XCRemoteSwiftPackageReference;
			repositoryURL = "https://github.com/firebase/firebase-ios-sdk";
			requirement = {
				kind = upToNextMajorVersion;
				minimumVersion = 10.0.0;
			};
		};
		936B84F42A2032840042EE3F /* XCRemoteSwiftPackageReference "SwiftyGif" */ = {
			isa = XCRemoteSwiftPackageReference;
			repositoryURL = "https://github.com/kirualex/SwiftyGif.git";
			requirement = {
				kind = upToNextMajorVersion;
				minimumVersion = 5.0.0;
			};
		};
/* End XCRemoteSwiftPackageReference section */

/* Begin XCSwiftPackageProductDependency section */
		935FFBBD2A067A01007B0E70 /* FirebaseAnalytics */ = {
			isa = XCSwiftPackageProductDependency;
			package = 935FFBBC2A067A01007B0E70 /* XCRemoteSwiftPackageReference "firebase-ios-sdk" */;
			productName = FirebaseAnalytics;
		};
		935FFBBF2A067A01007B0E70 /* FirebaseAnalyticsOnDeviceConversion */ = {
			isa = XCSwiftPackageProductDependency;
			package = 935FFBBC2A067A01007B0E70 /* XCRemoteSwiftPackageReference "firebase-ios-sdk" */;
			productName = FirebaseAnalyticsOnDeviceConversion;
		};
		935FFBC12A067A01007B0E70 /* FirebaseAnalyticsSwift */ = {
			isa = XCSwiftPackageProductDependency;
			package = 935FFBBC2A067A01007B0E70 /* XCRemoteSwiftPackageReference "firebase-ios-sdk" */;
			productName = FirebaseAnalyticsSwift;
		};
		935FFBC32A067A01007B0E70 /* FirebaseAnalyticsWithoutAdIdSupport */ = {
			isa = XCSwiftPackageProductDependency;
			package = 935FFBBC2A067A01007B0E70 /* XCRemoteSwiftPackageReference "firebase-ios-sdk" */;
			productName = FirebaseAnalyticsWithoutAdIdSupport;
		};
		935FFBC52A067A01007B0E70 /* FirebaseAppCheck */ = {
			isa = XCSwiftPackageProductDependency;
			package = 935FFBBC2A067A01007B0E70 /* XCRemoteSwiftPackageReference "firebase-ios-sdk" */;
			productName = FirebaseAppCheck;
		};
		935FFBC72A067A01007B0E70 /* FirebaseAppDistribution-Beta */ = {
			isa = XCSwiftPackageProductDependency;
			package = 935FFBBC2A067A01007B0E70 /* XCRemoteSwiftPackageReference "firebase-ios-sdk" */;
			productName = "FirebaseAppDistribution-Beta";
		};
		935FFBC92A067A01007B0E70 /* FirebaseAuth */ = {
			isa = XCSwiftPackageProductDependency;
			package = 935FFBBC2A067A01007B0E70 /* XCRemoteSwiftPackageReference "firebase-ios-sdk" */;
			productName = FirebaseAuth;
		};
		935FFBCB2A067A01007B0E70 /* FirebaseAuthCombine-Community */ = {
			isa = XCSwiftPackageProductDependency;
			package = 935FFBBC2A067A01007B0E70 /* XCRemoteSwiftPackageReference "firebase-ios-sdk" */;
			productName = "FirebaseAuthCombine-Community";
		};
		935FFBCD2A067A01007B0E70 /* FirebaseCrashlytics */ = {
			isa = XCSwiftPackageProductDependency;
			package = 935FFBBC2A067A01007B0E70 /* XCRemoteSwiftPackageReference "firebase-ios-sdk" */;
			productName = FirebaseCrashlytics;
		};
		935FFBCF2A067A01007B0E70 /* FirebaseDatabase */ = {
			isa = XCSwiftPackageProductDependency;
			package = 935FFBBC2A067A01007B0E70 /* XCRemoteSwiftPackageReference "firebase-ios-sdk" */;
			productName = FirebaseDatabase;
		};
		935FFBD12A067A01007B0E70 /* FirebaseDatabaseSwift */ = {
			isa = XCSwiftPackageProductDependency;
			package = 935FFBBC2A067A01007B0E70 /* XCRemoteSwiftPackageReference "firebase-ios-sdk" */;
			productName = FirebaseDatabaseSwift;
		};
		935FFBD32A067A01007B0E70 /* FirebaseDynamicLinks */ = {
			isa = XCSwiftPackageProductDependency;
			package = 935FFBBC2A067A01007B0E70 /* XCRemoteSwiftPackageReference "firebase-ios-sdk" */;
			productName = FirebaseDynamicLinks;
		};
		935FFBD52A067A01007B0E70 /* FirebaseFirestore */ = {
			isa = XCSwiftPackageProductDependency;
			package = 935FFBBC2A067A01007B0E70 /* XCRemoteSwiftPackageReference "firebase-ios-sdk" */;
			productName = FirebaseFirestore;
		};
		935FFBD72A067A01007B0E70 /* FirebaseFirestoreCombine-Community */ = {
			isa = XCSwiftPackageProductDependency;
			package = 935FFBBC2A067A01007B0E70 /* XCRemoteSwiftPackageReference "firebase-ios-sdk" */;
			productName = "FirebaseFirestoreCombine-Community";
		};
		935FFBD92A067A01007B0E70 /* FirebaseFirestoreSwift */ = {
			isa = XCSwiftPackageProductDependency;
			package = 935FFBBC2A067A01007B0E70 /* XCRemoteSwiftPackageReference "firebase-ios-sdk" */;
			productName = FirebaseFirestoreSwift;
		};
		935FFBDB2A067A01007B0E70 /* FirebaseFunctions */ = {
			isa = XCSwiftPackageProductDependency;
			package = 935FFBBC2A067A01007B0E70 /* XCRemoteSwiftPackageReference "firebase-ios-sdk" */;
			productName = FirebaseFunctions;
		};
		935FFBDD2A067A01007B0E70 /* FirebaseFunctionsCombine-Community */ = {
			isa = XCSwiftPackageProductDependency;
			package = 935FFBBC2A067A01007B0E70 /* XCRemoteSwiftPackageReference "firebase-ios-sdk" */;
			productName = "FirebaseFunctionsCombine-Community";
		};
		935FFBDF2A067A01007B0E70 /* FirebaseInAppMessaging-Beta */ = {
			isa = XCSwiftPackageProductDependency;
			package = 935FFBBC2A067A01007B0E70 /* XCRemoteSwiftPackageReference "firebase-ios-sdk" */;
			productName = "FirebaseInAppMessaging-Beta";
		};
		935FFBE12A067A01007B0E70 /* FirebaseInAppMessagingSwift-Beta */ = {
			isa = XCSwiftPackageProductDependency;
			package = 935FFBBC2A067A01007B0E70 /* XCRemoteSwiftPackageReference "firebase-ios-sdk" */;
			productName = "FirebaseInAppMessagingSwift-Beta";
		};
		935FFBE32A067A01007B0E70 /* FirebaseInstallations */ = {
			isa = XCSwiftPackageProductDependency;
			package = 935FFBBC2A067A01007B0E70 /* XCRemoteSwiftPackageReference "firebase-ios-sdk" */;
			productName = FirebaseInstallations;
		};
		935FFBE52A067A01007B0E70 /* FirebaseMLModelDownloader */ = {
			isa = XCSwiftPackageProductDependency;
			package = 935FFBBC2A067A01007B0E70 /* XCRemoteSwiftPackageReference "firebase-ios-sdk" */;
			productName = FirebaseMLModelDownloader;
		};
		935FFBE72A067A01007B0E70 /* FirebaseMessaging */ = {
			isa = XCSwiftPackageProductDependency;
			package = 935FFBBC2A067A01007B0E70 /* XCRemoteSwiftPackageReference "firebase-ios-sdk" */;
			productName = FirebaseMessaging;
		};
		935FFBE92A067A01007B0E70 /* FirebasePerformance */ = {
			isa = XCSwiftPackageProductDependency;
			package = 935FFBBC2A067A01007B0E70 /* XCRemoteSwiftPackageReference "firebase-ios-sdk" */;
			productName = FirebasePerformance;
		};
		935FFBEB2A067A01007B0E70 /* FirebaseRemoteConfig */ = {
			isa = XCSwiftPackageProductDependency;
			package = 935FFBBC2A067A01007B0E70 /* XCRemoteSwiftPackageReference "firebase-ios-sdk" */;
			productName = FirebaseRemoteConfig;
		};
		935FFBED2A067A01007B0E70 /* FirebaseRemoteConfigSwift */ = {
			isa = XCSwiftPackageProductDependency;
			package = 935FFBBC2A067A01007B0E70 /* XCRemoteSwiftPackageReference "firebase-ios-sdk" */;
			productName = FirebaseRemoteConfigSwift;
		};
		935FFBEF2A067A01007B0E70 /* FirebaseStorage */ = {
			isa = XCSwiftPackageProductDependency;
			package = 935FFBBC2A067A01007B0E70 /* XCRemoteSwiftPackageReference "firebase-ios-sdk" */;
			productName = FirebaseStorage;
		};
		935FFBF12A067A01007B0E70 /* FirebaseStorageCombine-Community */ = {
			isa = XCSwiftPackageProductDependency;
			package = 935FFBBC2A067A01007B0E70 /* XCRemoteSwiftPackageReference "firebase-ios-sdk" */;
			productName = "FirebaseStorageCombine-Community";
		};
		936B84F52A2032840042EE3F /* SwiftyGif */ = {
			isa = XCSwiftPackageProductDependency;
			package = 936B84F42A2032840042EE3F /* XCRemoteSwiftPackageReference "SwiftyGif" */;
			productName = SwiftyGif;
		};
/* End XCSwiftPackageProductDependency section */
	};
	rootObject = 89178BE82A026B000046C907 /* Project object */;
}
